// !$*UTF8*$!
{
	archiveVersion = 1;
	classes = {
	};
	objectVersion = 56;
	objects = {

/* Begin PBXBuildFile section */
		0907F25E2B1C965E00EB682A /* AppDelegate.swift in Sources */ = {isa = PBXBuildFile; fileRef = 0907F25D2B1C965E00EB682A /* AppDelegate.swift */; };
		0907F2612B1E206700EB682A /* NotificationManager.swift in Sources */ = {isa = PBXBuildFile; fileRef = 0907F2602B1E206700EB682A /* NotificationManager.swift */; };
		090E156C2BE8EAAA00BC8124 /* View.swift in Sources */ = {isa = PBXBuildFile; fileRef = 090E156B2BE8EAAA00BC8124 /* View.swift */; };
		090E156E2BEB814D00BC8124 /* StatCell.swift in Sources */ = {isa = PBXBuildFile; fileRef = 090E156D2BEB814D00BC8124 /* StatCell.swift */; };
		090E15712BF377F800BC8124 /* Double.swift in Sources */ = {isa = PBXBuildFile; fileRef = 090E15702BF377F800BC8124 /* Double.swift */; };
		091AD7272C902376002D57C4 /* LICENSE in Resources */ = {isa = PBXBuildFile; fileRef = 091AD7252C902376002D57C4 /* LICENSE */; };
		0925516E2C78D029004CA262 /* MultipleShoeSelectionView.swift in Sources */ = {isa = PBXBuildFile; fileRef = 0925516D2C78D022004CA262 /* MultipleShoeSelectionView.swift */; };
		092DDB6E2CBC3CD000263F06 /* StoreManager.swift in Sources */ = {isa = PBXBuildFile; fileRef = 092DDB6D2CBC3CD000263F06 /* StoreManager.swift */; };
		092DDB702CBC3CEB00263F06 /* Products.storekit in Resources */ = {isa = PBXBuildFile; fileRef = 092DDB6F2CBC3CEB00263F06 /* Products.storekit */; };
		092DDB722CBC3D0D00263F06 /* Products.plist in Resources */ = {isa = PBXBuildFile; fileRef = 092DDB712CBC3D0D00263F06 /* Products.plist */; };
		092DDB742CBC3DD600263F06 /* PaywallView.swift in Sources */ = {isa = PBXBuildFile; fileRef = 092DDB732CBC3DD600263F06 /* PaywallView.swift */; };
		092DDB762CCA63CF00263F06 /* ShoeSearchListView.swift in Sources */ = {isa = PBXBuildFile; fileRef = 092DDB752CCA63CF00263F06 /* ShoeSearchListView.swift */; };
		092DDB782CCA63F000263F06 /* ShoesView.swift in Sources */ = {isa = PBXBuildFile; fileRef = 092DDB772CCA63F000263F06 /* ShoesView.swift */; };
		0936FF4C2BD12D9800BF5798 /* ShoesListView.swift in Sources */ = {isa = PBXBuildFile; fileRef = 0936FF4B2BD12D9800BF5798 /* ShoesListView.swift */; };
		0936FF502BD1464B00BF5798 /* ShoeDetailView.swift in Sources */ = {isa = PBXBuildFile; fileRef = 0936FF4F2BD1464B00BF5798 /* ShoeDetailView.swift */; };
		0936FF532BD14CA300BF5798 /* StrechyHeaderViewModifier.swift in Sources */ = {isa = PBXBuildFile; fileRef = 0936FF522BD14CA300BF5798 /* StrechyHeaderViewModifier.swift */; };
		0936FF552BD586F600BF5798 /* FrameReader.swift in Sources */ = {isa = PBXBuildFile; fileRef = 0936FF542BD586F600BF5798 /* FrameReader.swift */; };
		0936FF592BD6628900BF5798 /* DimissSwipeGesture.swift in Sources */ = {isa = PBXBuildFile; fileRef = 0936FF582BD6628900BF5798 /* DimissSwipeGesture.swift */; };
		0936FF5E2BD6DED000BF5798 /* StretchyHeaderCell.swift in Sources */ = {isa = PBXBuildFile; fileRef = 0936FF5D2BD6DED000BF5798 /* StretchyHeaderCell.swift */; };
		0936FF602BD6DEE700BF5798 /* StaticHeaderCell.swift in Sources */ = {isa = PBXBuildFile; fileRef = 0936FF5F2BD6DEE700BF5798 /* StaticHeaderCell.swift */; };
		093742892B7AAD7A008D96BD /* ShoesStatsWidgetBundle.swift in Sources */ = {isa = PBXBuildFile; fileRef = 093742882B7AAD7A008D96BD /* ShoesStatsWidgetBundle.swift */; };
		093742912B7AAD7B008D96BD /* ShoeStatsWidgetExtension.appex in Embed Foundation Extensions */ = {isa = PBXBuildFile; fileRef = 093742842B7AAD7A008D96BD /* ShoeStatsWidgetExtension.appex */; settings = {ATTRIBUTES = (RemoveHeadersOnCopy, ); }; };
		093742962B7AAD9D008D96BD /* PreviewSampleData.swift in Sources */ = {isa = PBXBuildFile; fileRef = 09E385E92B13FCC4005CFF02 /* PreviewSampleData.swift */; };
		093742972B7AAD9F008D96BD /* ModelContainerPreview.swift in Sources */ = {isa = PBXBuildFile; fileRef = 09E385EB2B13FD0D005CFF02 /* ModelContainerPreview.swift */; };
		0937429A2B7AAED9008D96BD /* Formatters.swift in Sources */ = {isa = PBXBuildFile; fileRef = 096D36A32B20B1C900C78453 /* Formatters.swift */; };
		093742A02B7B756E008D96BD /* HKWorkout+Statistics.swift in Sources */ = {isa = PBXBuildFile; fileRef = 09E385D72B1256B9005CFF02 /* HKWorkout+Statistics.swift */; };
		093742A12B7B9C50008D96BD /* HKWorkout+Identifiable.swift in Sources */ = {isa = PBXBuildFile; fileRef = 09E2F34E2B151DD800D16101 /* HKWorkout+Identifiable.swift */; };
		093742A62B7E519A008D96BD /* CircularProgressView.swift in Sources */ = {isa = PBXBuildFile; fileRef = 094B75B02B4ECA7000632590 /* CircularProgressView.swift */; };
		09402B7C2BFBBB6800C943C1 /* SampleView.swift in Sources */ = {isa = PBXBuildFile; fileRef = 09402B7B2BFBBB6800C943C1 /* SampleView.swift */; };
		09402B7E2BFBC54800C943C1 /* RunningCategory.swift in Sources */ = {isa = PBXBuildFile; fileRef = 09402B7D2BFBC54800C943C1 /* RunningCategory.swift */; };
		09402B802BFD0CFA00C943C1 /* PersonalBest.swift in Sources */ = {isa = PBXBuildFile; fileRef = 09402B7F2BFD0CFA00C943C1 /* PersonalBest.swift */; };
		09402B812BFD0EFA00C943C1 /* PersonalBest.swift in Sources */ = {isa = PBXBuildFile; fileRef = 09402B7F2BFD0CFA00C943C1 /* PersonalBest.swift */; };
		09402B822BFD0F0700C943C1 /* RunningCategory.swift in Sources */ = {isa = PBXBuildFile; fileRef = 09402B7D2BFBC54800C943C1 /* RunningCategory.swift */; };
		0944A7E02CD4DE400042081D /* LaunchScreen.storyboard in Resources */ = {isa = PBXBuildFile; fileRef = 0944A7DF2CD4DE400042081D /* LaunchScreen.storyboard */; };
		0944A7E22CD4DFDF0042081D /* LaunchView.swift in Sources */ = {isa = PBXBuildFile; fileRef = 0944A7E12CD4DFDF0042081D /* LaunchView.swift */; };
		0944A7F22CE23D720042081D /* SFSafariViewController.swift in Sources */ = {isa = PBXBuildFile; fileRef = 0944A7F12CE23D720042081D /* SFSafariViewController.swift */; };
		0944A7F42CE3CE450042081D /* WelcomePage.swift in Sources */ = {isa = PBXBuildFile; fileRef = 0944A7F32CE3CE450042081D /* WelcomePage.swift */; };
		0944A7F62CE3E25C0042081D /* WelcomeItem.swift in Sources */ = {isa = PBXBuildFile; fileRef = 0944A7F52CE3E2580042081D /* WelcomeItem.swift */; };
		0944A7F92CE60AF20042081D /* ShoesMigrationPlan.swift in Sources */ = {isa = PBXBuildFile; fileRef = 0944A7F82CE60AF20042081D /* ShoesMigrationPlan.swift */; };
		0944A7FA2CE60AF20042081D /* ShoesMigrationPlan.swift in Sources */ = {isa = PBXBuildFile; fileRef = 0944A7F82CE60AF20042081D /* ShoesMigrationPlan.swift */; };
		0944A7FC2CE60B1A0042081D /* ShoesSchemaV1.swift in Sources */ = {isa = PBXBuildFile; fileRef = 0944A7FB2CE60B1A0042081D /* ShoesSchemaV1.swift */; };
		0944A7FD2CE60B1A0042081D /* ShoesSchemaV1.swift in Sources */ = {isa = PBXBuildFile; fileRef = 0944A7FB2CE60B1A0042081D /* ShoesSchemaV1.swift */; };
		0944A7FF2CEB8D440042081D /* ShoeSearchResultsView.swift in Sources */ = {isa = PBXBuildFile; fileRef = 0944A7FE2CEB8D440042081D /* ShoeSearchResultsView.swift */; };
		0948B5DB2C0DE9CA001A7745 /* Prompts.swift in Sources */ = {isa = PBXBuildFile; fileRef = 0948B5DA2C0DE9CA001A7745 /* Prompts.swift */; };
		094B75B12B4ECA7000632590 /* CircularProgressView.swift in Sources */ = {isa = PBXBuildFile; fileRef = 094B75B02B4ECA7000632590 /* CircularProgressView.swift */; };
		094D13832C1606F1003C6F50 /* Double.swift in Sources */ = {isa = PBXBuildFile; fileRef = 090E15702BF377F800BC8124 /* Double.swift */; };
		094D13892C17871F003C6F50 /* HomeScreen.swift in Sources */ = {isa = PBXBuildFile; fileRef = 094D13882C17871F003C6F50 /* HomeScreen.swift */; };
		094D138B2C178A00003C6F50 /* OnboardingScreen.swift in Sources */ = {isa = PBXBuildFile; fileRef = 094D138A2C178A00003C6F50 /* OnboardingScreen.swift */; };
		094D138F2C19EF55003C6F50 /* OnboardingPage.swift in Sources */ = {isa = PBXBuildFile; fileRef = 094D138E2C19EF55003C6F50 /* OnboardingPage.swift */; };
		094D13912C1B2270003C6F50 /* OnboardingTab.swift in Sources */ = {isa = PBXBuildFile; fileRef = 094D13902C1B2270003C6F50 /* OnboardingTab.swift */; };
		094F26222BDC2B1200441A62 /* SettingsTab.swift in Sources */ = {isa = PBXBuildFile; fileRef = 094F26212BDC2B1200441A62 /* SettingsTab.swift */; };
		094F262A2BE01FF100441A62 /* StaticHeaderScrollTargetBehavior.swift in Sources */ = {isa = PBXBuildFile; fileRef = 094F26292BE01FF100441A62 /* StaticHeaderScrollTargetBehavior.swift */; };
		094F262C2BE0D08B00441A62 /* StretchyScrollTargetBehavior.swift in Sources */ = {isa = PBXBuildFile; fileRef = 094F262B2BE0D08B00441A62 /* StretchyScrollTargetBehavior.swift */; };
		0956815B2B46E207005E5FE6 /* NavigationRouter.swift in Sources */ = {isa = PBXBuildFile; fileRef = 0956815A2B46E207005E5FE6 /* NavigationRouter.swift */; };
		0956EE392B4C057D0029445E /* TabItem.swift in Sources */ = {isa = PBXBuildFile; fileRef = 0956EE382B4C057D0029445E /* TabItem.swift */; };
		095D8B602BCD6A80001D7592 /* RoundedRectangleProgressView.swift in Sources */ = {isa = PBXBuildFile; fileRef = 095D8B5F2BCD6A80001D7592 /* RoundedRectangleProgressView.swift */; };
		095D8B612BCD6B61001D7592 /* RoundedRectangleProgressView.swift in Sources */ = {isa = PBXBuildFile; fileRef = 095D8B5F2BCD6A80001D7592 /* RoundedRectangleProgressView.swift */; };
		09630FEC2D085F23006C14E0 /* MediumShoeStatsWidgetView.swift in Sources */ = {isa = PBXBuildFile; fileRef = 09630FEB2D085F23006C14E0 /* MediumShoeStatsWidgetView.swift */; };
		09630FEE2D08B219006C14E0 /* SmallShoeStatsWidget.swift in Sources */ = {isa = PBXBuildFile; fileRef = 09630FED2D08B219006C14E0 /* SmallShoeStatsWidget.swift */; };
		09630FF32D08B510006C14E0 /* MediumSelectShoeIntent.swift in Sources */ = {isa = PBXBuildFile; fileRef = 09630FF22D08B510006C14E0 /* MediumSelectShoeIntent.swift */; };
		09630FF52D08B684006C14E0 /* SmallStatsTimelineProvider.swift in Sources */ = {isa = PBXBuildFile; fileRef = 09630FF42D08B684006C14E0 /* SmallStatsTimelineProvider.swift */; };
		09630FF72D08B6C0006C14E0 /* SmallSelectShoeIntent.swift in Sources */ = {isa = PBXBuildFile; fileRef = 09630FF62D08B6C0006C14E0 /* SmallSelectShoeIntent.swift */; };
		0969BDE62C58FE9400933469 /* SettingsManager.swift in Sources */ = {isa = PBXBuildFile; fileRef = 0969BDE52C58FE9400933469 /* SettingsManager.swift */; };
		096D36A42B20B1C900C78453 /* Formatters.swift in Sources */ = {isa = PBXBuildFile; fileRef = 096D36A32B20B1C900C78453 /* Formatters.swift */; };
		0975440C2B28769A00B379E2 /* ShoesViewModel.swift in Sources */ = {isa = PBXBuildFile; fileRef = 0975440B2B28769A00B379E2 /* ShoesViewModel.swift */; };
		0978E0B02CB53D1400DEA781 /* Assets.xcassets in Resources */ = {isa = PBXBuildFile; fileRef = 0978E0AF2CB53D1400DEA781 /* Assets.xcassets */; };
		097C43522C1DC3ED00A1C639 /* OnboardingViewModel.swift in Sources */ = {isa = PBXBuildFile; fileRef = 097C43512C1DC3ED00A1C639 /* OnboardingViewModel.swift */; };
		0980A7EE2BB42DB1000848A1 /* UserDefault+PropertyWrapper.swift in Sources */ = {isa = PBXBuildFile; fileRef = 0980A7ED2BB42DB1000848A1 /* UserDefault+PropertyWrapper.swift */; };
		098988022C9AD4D20036A253 /* RemindMeLaterView.swift in Sources */ = {isa = PBXBuildFile; fileRef = 098988012C9AD4D20036A253 /* RemindMeLaterView.swift */; };
		098DC01D2D294620005BE50C /* RunTypeSelectionView.swift in Sources */ = {isa = PBXBuildFile; fileRef = 098DC01C2D294620005BE50C /* RunTypeSelectionView.swift */; };
		0999BFF72B53FC13009BE901 /* ShoeImage.swift in Sources */ = {isa = PBXBuildFile; fileRef = 0999BFF62B53FC13009BE901 /* ShoeImage.swift */; };
		09A7B9DB2C81F5E100822C03 /* Color.swift in Sources */ = {isa = PBXBuildFile; fileRef = 09A7B9DA2C81F5E100822C03 /* Color.swift */; };
		09A7B9DC2C81F5E100822C03 /* Color.swift in Sources */ = {isa = PBXBuildFile; fileRef = 09A7B9DA2C81F5E100822C03 /* Color.swift */; };
		09A81FE12CFB342300D6E72B /* WorkoutGroup.swift in Sources */ = {isa = PBXBuildFile; fileRef = 09A81FE02CFB342300D6E72B /* WorkoutGroup.swift */; };
		09A9FF212C9B42B1002507C9 /* PresetTimeCell.swift in Sources */ = {isa = PBXBuildFile; fileRef = 09A9FF202C9B42B1002507C9 /* PresetTimeCell.swift */; };
		09A9FF272C9B49C4002507C9 /* PresetTime.swift in Sources */ = {isa = PBXBuildFile; fileRef = 09A9FF262C9B49C4002507C9 /* PresetTime.swift */; };
		09B3A5A32CD25CE70007F375 /* ShoeFormView.swift in Sources */ = {isa = PBXBuildFile; fileRef = 09B3A5A22CD25CE70007F375 /* ShoeFormView.swift */; };
		09B541F62B66C5FB00A31169 /* AddWokoutsToShoeView.swift in Sources */ = {isa = PBXBuildFile; fileRef = 09B541F52B66C5FB00A31169 /* AddWokoutsToShoeView.swift */; };
		09BFD2D32B974ECB009F4133 /* MediumShoeStatsWidget.swift in Sources */ = {isa = PBXBuildFile; fileRef = 09BFD2D22B974ECB009F4133 /* MediumShoeStatsWidget.swift */; };
		09BFD2D52B9753D7009F4133 /* ShoeStatsEntity.swift in Sources */ = {isa = PBXBuildFile; fileRef = 09BFD2D42B9753D7009F4133 /* ShoeStatsEntity.swift */; };
		09BFD2DB2B978DD9009F4133 /* SmallShoeStatsWidgetView.swift in Sources */ = {isa = PBXBuildFile; fileRef = 09BFD2DA2B978DD9009F4133 /* SmallShoeStatsWidgetView.swift */; };
		09BFD2DD2B978E97009F4133 /* MediumStatsTimelineProvider.swift in Sources */ = {isa = PBXBuildFile; fileRef = 09BFD2DC2B978E97009F4133 /* MediumStatsTimelineProvider.swift */; };
		09BFD2E92B979C81009F4133 /* ShoesStore.swift in Sources */ = {isa = PBXBuildFile; fileRef = 09BFD2E82B979C81009F4133 /* ShoesStore.swift */; };
		09BFD2EA2B979C81009F4133 /* ShoesStore.swift in Sources */ = {isa = PBXBuildFile; fileRef = 09BFD2E82B979C81009F4133 /* ShoesStore.swift */; };
		09BFD6EE2C4050DF00D112BF /* WearCondition.swift in Sources */ = {isa = PBXBuildFile; fileRef = 09BFD6ED2C4050DF00D112BF /* WearCondition.swift */; };
		09BFD6EF2C4050DF00D112BF /* WearCondition.swift in Sources */ = {isa = PBXBuildFile; fileRef = 09BFD6ED2C4050DF00D112BF /* WearCondition.swift */; };
		09BFEE882D21A35C00E911EC /* RunType.swift in Sources */ = {isa = PBXBuildFile; fileRef = 09BFEE872D21A35C00E911EC /* RunType.swift */; };
		09BFEE892D21A35C00E911EC /* RunType.swift in Sources */ = {isa = PBXBuildFile; fileRef = 09BFEE872D21A35C00E911EC /* RunType.swift */; };
		09BFEE8B2D21A4EF00E911EC /* ShoesSchemaV2.swift in Sources */ = {isa = PBXBuildFile; fileRef = 09BFEE8A2D21A4EF00E911EC /* ShoesSchemaV2.swift */; };
		09BFEE8C2D21A4EF00E911EC /* ShoesSchemaV2.swift in Sources */ = {isa = PBXBuildFile; fileRef = 09BFEE8A2D21A4EF00E911EC /* ShoesSchemaV2.swift */; };
		09C1716A2C203D4A005FAB1A /* ShoeCategory.swift in Sources */ = {isa = PBXBuildFile; fileRef = 09C171672C203D4A005FAB1A /* ShoeCategory.swift */; };
		09C1716B2C203D4A005FAB1A /* SortingRule+Order.swift in Sources */ = {isa = PBXBuildFile; fileRef = 09C171682C203D4A005FAB1A /* SortingRule+Order.swift */; };
		09C595802C649BDC00A006BE /* UnitOfMeasure.swift in Sources */ = {isa = PBXBuildFile; fileRef = 09C5957F2C649BDC00A006BE /* UnitOfMeasure.swift */; };
		09C595812C649BDC00A006BE /* UnitOfMeasure.swift in Sources */ = {isa = PBXBuildFile; fileRef = 09C5957F2C649BDC00A006BE /* UnitOfMeasure.swift */; };
		09D6B8FA2C3C2856004EDA01 /* ShoeFormViewModel.swift in Sources */ = {isa = PBXBuildFile; fileRef = 09D6B8F92C3C284E004EDA01 /* ShoeFormViewModel.swift */; };
		09D9B5C62C08EA870016825A /* BlurredCircleButtonStyle.swift in Sources */ = {isa = PBXBuildFile; fileRef = 09D9B5C52C08EA870016825A /* BlurredCircleButtonStyle.swift */; };
		09D9B5C82C08EAB10016825A /* BlurredCapsuleButtonStyle.swift in Sources */ = {isa = PBXBuildFile; fileRef = 09D9B5C72C08EAB10016825A /* BlurredCapsuleButtonStyle.swift */; };
		09D9B5CA2C08F1930016825A /* UIApplication.swift in Sources */ = {isa = PBXBuildFile; fileRef = 09D9B5C92C08F1930016825A /* UIApplication.swift */; };
		09DE4A732B0D3F7F001119E4 /* ShoeHealthApp.swift in Sources */ = {isa = PBXBuildFile; fileRef = 09DE4A722B0D3F7F001119E4 /* ShoeHealthApp.swift */; };
		09DE4A752B0D3F7F001119E4 /* ContentView.swift in Sources */ = {isa = PBXBuildFile; fileRef = 09DE4A742B0D3F7F001119E4 /* ContentView.swift */; };
		09DE4A772B0D3F81001119E4 /* Assets.xcassets in Resources */ = {isa = PBXBuildFile; fileRef = 09DE4A762B0D3F81001119E4 /* Assets.xcassets */; };
		09DE4A7A2B0D3F81001119E4 /* Preview Assets.xcassets in Resources */ = {isa = PBXBuildFile; fileRef = 09DE4A792B0D3F81001119E4 /* Preview Assets.xcassets */; };
		09DE4A822B0D4CD8001119E4 /* HealthManager.swift in Sources */ = {isa = PBXBuildFile; fileRef = 09DE4A812B0D4CD8001119E4 /* HealthManager.swift */; };
		09E2F34B2B15130900D16101 /* WorkoutListItem.swift in Sources */ = {isa = PBXBuildFile; fileRef = 09E2F34A2B15130900D16101 /* WorkoutListItem.swift */; };
		09E2F34D2B15175800D16101 /* ShoeSelectionView.swift in Sources */ = {isa = PBXBuildFile; fileRef = 09E2F34C2B15175800D16101 /* ShoeSelectionView.swift */; };
		09E2F34F2B151DD800D16101 /* HKWorkout+Identifiable.swift in Sources */ = {isa = PBXBuildFile; fileRef = 09E2F34E2B151DD800D16101 /* HKWorkout+Identifiable.swift */; };
		09E2F3512B1668D700D16101 /* ShoeListItem.swift in Sources */ = {isa = PBXBuildFile; fileRef = 09E2F3502B1668D700D16101 /* ShoeListItem.swift */; };
		09E385D82B1256B9005CFF02 /* HKWorkout+Statistics.swift in Sources */ = {isa = PBXBuildFile; fileRef = 09E385D72B1256B9005CFF02 /* HKWorkout+Statistics.swift */; };
		09E385E02B13457E005CFF02 /* WorkoutsTab.swift in Sources */ = {isa = PBXBuildFile; fileRef = 09E385DF2B13457E005CFF02 /* WorkoutsTab.swift */; };
		09E385E32B1345D7005CFF02 /* ShoesTab.swift in Sources */ = {isa = PBXBuildFile; fileRef = 09E385E22B1345D7005CFF02 /* ShoesTab.swift */; };
		09E385EA2B13FCC4005CFF02 /* PreviewSampleData.swift in Sources */ = {isa = PBXBuildFile; fileRef = 09E385E92B13FCC4005CFF02 /* PreviewSampleData.swift */; };
		09E385EC2B13FD0D005CFF02 /* ModelContainerPreview.swift in Sources */ = {isa = PBXBuildFile; fileRef = 09E385EB2B13FD0D005CFF02 /* ModelContainerPreview.swift */; };
		09F18EE82BC6AC03002B73EE /* ShoeCell.swift in Sources */ = {isa = PBXBuildFile; fileRef = 09F18EE72BC6AC03002B73EE /* ShoeCell.swift */; };
		09F96F362B67E27000BCE5E7 /* ShoeWorkoutsListView.swift in Sources */ = {isa = PBXBuildFile; fileRef = 09F96F352B67E27000BCE5E7 /* ShoeWorkoutsListView.swift */; };
/* End PBXBuildFile section */

/* Begin PBXContainerItemProxy section */
		0937428F2B7AAD7B008D96BD /* PBXContainerItemProxy */ = {
			isa = PBXContainerItemProxy;
			containerPortal = 09DE4A672B0D3F7F001119E4 /* Project object */;
			proxyType = 1;
			remoteGlobalIDString = 093742832B7AAD7A008D96BD;
			remoteInfo = ShoeStatsWidgetExtension;
		};
/* End PBXContainerItemProxy section */

/* Begin PBXCopyFilesBuildPhase section */
		093742702B7A6720008D96BD /* Embed Foundation Extensions */ = {
			isa = PBXCopyFilesBuildPhase;
			buildActionMask = 2147483647;
			dstPath = "";
			dstSubfolderSpec = 13;
			files = (
				093742912B7AAD7B008D96BD /* ShoeStatsWidgetExtension.appex in Embed Foundation Extensions */,
			);
			name = "Embed Foundation Extensions";
			runOnlyForDeploymentPostprocessing = 0;
		};
		0948B5E12C131257001A7745 /* Embed Frameworks */ = {
			isa = PBXCopyFilesBuildPhase;
			buildActionMask = 2147483647;
			dstPath = "";
			dstSubfolderSpec = 10;
			files = (
			);
			name = "Embed Frameworks";
			runOnlyForDeploymentPostprocessing = 0;
		};
/* End PBXCopyFilesBuildPhase section */

/* Begin PBXFileReference section */
		0907F25D2B1C965E00EB682A /* AppDelegate.swift */ = {isa = PBXFileReference; lastKnownFileType = sourcecode.swift; path = AppDelegate.swift; sourceTree = "<group>"; };
		0907F2602B1E206700EB682A /* NotificationManager.swift */ = {isa = PBXFileReference; lastKnownFileType = sourcecode.swift; path = NotificationManager.swift; sourceTree = "<group>"; };
		090E156B2BE8EAAA00BC8124 /* View.swift */ = {isa = PBXFileReference; lastKnownFileType = sourcecode.swift; path = View.swift; sourceTree = "<group>"; };
		090E156D2BEB814D00BC8124 /* StatCell.swift */ = {isa = PBXFileReference; lastKnownFileType = sourcecode.swift; path = StatCell.swift; sourceTree = "<group>"; };
		090E15702BF377F800BC8124 /* Double.swift */ = {isa = PBXFileReference; lastKnownFileType = sourcecode.swift; path = Double.swift; sourceTree = "<group>"; };
		091AD7252C902376002D57C4 /* LICENSE */ = {isa = PBXFileReference; lastKnownFileType = text; path = LICENSE; sourceTree = "<group>"; };
		0925516D2C78D022004CA262 /* MultipleShoeSelectionView.swift */ = {isa = PBXFileReference; lastKnownFileType = sourcecode.swift; path = MultipleShoeSelectionView.swift; sourceTree = "<group>"; };
		092DDB6D2CBC3CD000263F06 /* StoreManager.swift */ = {isa = PBXFileReference; lastKnownFileType = sourcecode.swift; path = StoreManager.swift; sourceTree = "<group>"; };
		092DDB6F2CBC3CEB00263F06 /* Products.storekit */ = {isa = PBXFileReference; lastKnownFileType = text; path = Products.storekit; sourceTree = "<group>"; };
		092DDB712CBC3D0D00263F06 /* Products.plist */ = {isa = PBXFileReference; lastKnownFileType = text.plist.xml; path = Products.plist; sourceTree = "<group>"; };
		092DDB732CBC3DD600263F06 /* PaywallView.swift */ = {isa = PBXFileReference; lastKnownFileType = sourcecode.swift; path = PaywallView.swift; sourceTree = "<group>"; };
		092DDB752CCA63CF00263F06 /* ShoeSearchListView.swift */ = {isa = PBXFileReference; lastKnownFileType = sourcecode.swift; path = ShoeSearchListView.swift; sourceTree = "<group>"; };
		092DDB772CCA63F000263F06 /* ShoesView.swift */ = {isa = PBXFileReference; lastKnownFileType = sourcecode.swift; path = ShoesView.swift; sourceTree = "<group>"; };
		0936FF4B2BD12D9800BF5798 /* ShoesListView.swift */ = {isa = PBXFileReference; lastKnownFileType = sourcecode.swift; path = ShoesListView.swift; sourceTree = "<group>"; };
		0936FF4F2BD1464B00BF5798 /* ShoeDetailView.swift */ = {isa = PBXFileReference; lastKnownFileType = sourcecode.swift; path = ShoeDetailView.swift; sourceTree = "<group>"; };
		0936FF522BD14CA300BF5798 /* StrechyHeaderViewModifier.swift */ = {isa = PBXFileReference; lastKnownFileType = sourcecode.swift; path = StrechyHeaderViewModifier.swift; sourceTree = "<group>"; };
		0936FF542BD586F600BF5798 /* FrameReader.swift */ = {isa = PBXFileReference; lastKnownFileType = sourcecode.swift; path = FrameReader.swift; sourceTree = "<group>"; };
		0936FF582BD6628900BF5798 /* DimissSwipeGesture.swift */ = {isa = PBXFileReference; lastKnownFileType = sourcecode.swift; path = DimissSwipeGesture.swift; sourceTree = "<group>"; };
		0936FF5D2BD6DED000BF5798 /* StretchyHeaderCell.swift */ = {isa = PBXFileReference; lastKnownFileType = sourcecode.swift; path = StretchyHeaderCell.swift; sourceTree = "<group>"; };
		0936FF5F2BD6DEE700BF5798 /* StaticHeaderCell.swift */ = {isa = PBXFileReference; lastKnownFileType = sourcecode.swift; path = StaticHeaderCell.swift; sourceTree = "<group>"; };
		093742842B7AAD7A008D96BD /* ShoeStatsWidgetExtension.appex */ = {isa = PBXFileReference; explicitFileType = "wrapper.app-extension"; includeInIndex = 0; path = ShoeStatsWidgetExtension.appex; sourceTree = BUILT_PRODUCTS_DIR; };
		093742882B7AAD7A008D96BD /* ShoesStatsWidgetBundle.swift */ = {isa = PBXFileReference; lastKnownFileType = sourcecode.swift; path = ShoesStatsWidgetBundle.swift; sourceTree = "<group>"; };
		0937428E2B7AAD7B008D96BD /* Info.plist */ = {isa = PBXFileReference; lastKnownFileType = text.plist.xml; path = Info.plist; sourceTree = "<group>"; };
		093C4A4C2D0C33BE007EDEEA /* ShoeStatsWidgetExtension.entitlements */ = {isa = PBXFileReference; lastKnownFileType = text.plist.entitlements; path = ShoeStatsWidgetExtension.entitlements; sourceTree = "<group>"; };
		09402B7B2BFBBB6800C943C1 /* SampleView.swift */ = {isa = PBXFileReference; lastKnownFileType = sourcecode.swift; path = SampleView.swift; sourceTree = "<group>"; };
		09402B7D2BFBC54800C943C1 /* RunningCategory.swift */ = {isa = PBXFileReference; lastKnownFileType = sourcecode.swift; path = RunningCategory.swift; sourceTree = "<group>"; };
		09402B7F2BFD0CFA00C943C1 /* PersonalBest.swift */ = {isa = PBXFileReference; lastKnownFileType = sourcecode.swift; path = PersonalBest.swift; sourceTree = "<group>"; };
		0944A7DF2CD4DE400042081D /* LaunchScreen.storyboard */ = {isa = PBXFileReference; lastKnownFileType = file.storyboard; path = LaunchScreen.storyboard; sourceTree = "<group>"; };
		0944A7E12CD4DFDF0042081D /* LaunchView.swift */ = {isa = PBXFileReference; lastKnownFileType = sourcecode.swift; path = LaunchView.swift; sourceTree = "<group>"; };
		0944A7F12CE23D720042081D /* SFSafariViewController.swift */ = {isa = PBXFileReference; lastKnownFileType = sourcecode.swift; path = SFSafariViewController.swift; sourceTree = "<group>"; };
		0944A7F32CE3CE450042081D /* WelcomePage.swift */ = {isa = PBXFileReference; lastKnownFileType = sourcecode.swift; path = WelcomePage.swift; sourceTree = "<group>"; };
		0944A7F52CE3E2580042081D /* WelcomeItem.swift */ = {isa = PBXFileReference; lastKnownFileType = sourcecode.swift; path = WelcomeItem.swift; sourceTree = "<group>"; };
		0944A7F82CE60AF20042081D /* ShoesMigrationPlan.swift */ = {isa = PBXFileReference; lastKnownFileType = sourcecode.swift; path = ShoesMigrationPlan.swift; sourceTree = "<group>"; };
		0944A7FB2CE60B1A0042081D /* ShoesSchemaV1.swift */ = {isa = PBXFileReference; lastKnownFileType = sourcecode.swift; path = ShoesSchemaV1.swift; sourceTree = "<group>"; };
		0944A7FE2CEB8D440042081D /* ShoeSearchResultsView.swift */ = {isa = PBXFileReference; lastKnownFileType = sourcecode.swift; path = ShoeSearchResultsView.swift; sourceTree = "<group>"; };
		0948B5DA2C0DE9CA001A7745 /* Prompts.swift */ = {isa = PBXFileReference; lastKnownFileType = sourcecode.swift; path = Prompts.swift; sourceTree = "<group>"; };
		094B75B02B4ECA7000632590 /* CircularProgressView.swift */ = {isa = PBXFileReference; lastKnownFileType = sourcecode.swift; path = CircularProgressView.swift; sourceTree = "<group>"; };
		094D13882C17871F003C6F50 /* HomeScreen.swift */ = {isa = PBXFileReference; lastKnownFileType = sourcecode.swift; path = HomeScreen.swift; sourceTree = "<group>"; };
		094D138A2C178A00003C6F50 /* OnboardingScreen.swift */ = {isa = PBXFileReference; lastKnownFileType = sourcecode.swift; path = OnboardingScreen.swift; sourceTree = "<group>"; };
		094D138E2C19EF55003C6F50 /* OnboardingPage.swift */ = {isa = PBXFileReference; lastKnownFileType = sourcecode.swift; path = OnboardingPage.swift; sourceTree = "<group>"; };
		094D13902C1B2270003C6F50 /* OnboardingTab.swift */ = {isa = PBXFileReference; lastKnownFileType = sourcecode.swift; path = OnboardingTab.swift; sourceTree = "<group>"; };
		094F26212BDC2B1200441A62 /* SettingsTab.swift */ = {isa = PBXFileReference; lastKnownFileType = sourcecode.swift; path = SettingsTab.swift; sourceTree = "<group>"; };
		094F26292BE01FF100441A62 /* StaticHeaderScrollTargetBehavior.swift */ = {isa = PBXFileReference; lastKnownFileType = sourcecode.swift; path = StaticHeaderScrollTargetBehavior.swift; sourceTree = "<group>"; };
		094F262B2BE0D08B00441A62 /* StretchyScrollTargetBehavior.swift */ = {isa = PBXFileReference; lastKnownFileType = sourcecode.swift; path = StretchyScrollTargetBehavior.swift; sourceTree = "<group>"; };
		0956815A2B46E207005E5FE6 /* NavigationRouter.swift */ = {isa = PBXFileReference; lastKnownFileType = sourcecode.swift; path = NavigationRouter.swift; sourceTree = "<group>"; };
		0956EE382B4C057D0029445E /* TabItem.swift */ = {isa = PBXFileReference; lastKnownFileType = sourcecode.swift; path = TabItem.swift; sourceTree = "<group>"; };
		095D8B5F2BCD6A80001D7592 /* RoundedRectangleProgressView.swift */ = {isa = PBXFileReference; lastKnownFileType = sourcecode.swift; path = RoundedRectangleProgressView.swift; sourceTree = "<group>"; };
		09630FEB2D085F23006C14E0 /* MediumShoeStatsWidgetView.swift */ = {isa = PBXFileReference; lastKnownFileType = sourcecode.swift; path = MediumShoeStatsWidgetView.swift; sourceTree = "<group>"; };
		09630FED2D08B219006C14E0 /* SmallShoeStatsWidget.swift */ = {isa = PBXFileReference; lastKnownFileType = sourcecode.swift; path = SmallShoeStatsWidget.swift; sourceTree = "<group>"; };
		09630FF22D08B510006C14E0 /* MediumSelectShoeIntent.swift */ = {isa = PBXFileReference; lastKnownFileType = sourcecode.swift; path = MediumSelectShoeIntent.swift; sourceTree = "<group>"; };
		09630FF42D08B684006C14E0 /* SmallStatsTimelineProvider.swift */ = {isa = PBXFileReference; lastKnownFileType = sourcecode.swift; path = SmallStatsTimelineProvider.swift; sourceTree = "<group>"; };
		09630FF62D08B6C0006C14E0 /* SmallSelectShoeIntent.swift */ = {isa = PBXFileReference; lastKnownFileType = sourcecode.swift; path = SmallSelectShoeIntent.swift; sourceTree = "<group>"; };
		0969BDE52C58FE9400933469 /* SettingsManager.swift */ = {isa = PBXFileReference; lastKnownFileType = sourcecode.swift; path = SettingsManager.swift; sourceTree = "<group>"; };
		096D36A32B20B1C900C78453 /* Formatters.swift */ = {isa = PBXFileReference; lastKnownFileType = sourcecode.swift; path = Formatters.swift; sourceTree = "<group>"; };
		0975440B2B28769A00B379E2 /* ShoesViewModel.swift */ = {isa = PBXFileReference; lastKnownFileType = sourcecode.swift; path = ShoesViewModel.swift; sourceTree = "<group>"; };
		0978E0AF2CB53D1400DEA781 /* Assets.xcassets */ = {isa = PBXFileReference; lastKnownFileType = folder.assetcatalog; path = Assets.xcassets; sourceTree = "<group>"; };
		097C43512C1DC3ED00A1C639 /* OnboardingViewModel.swift */ = {isa = PBXFileReference; lastKnownFileType = sourcecode.swift; path = OnboardingViewModel.swift; sourceTree = "<group>"; };
		0980A7ED2BB42DB1000848A1 /* UserDefault+PropertyWrapper.swift */ = {isa = PBXFileReference; lastKnownFileType = sourcecode.swift; path = "UserDefault+PropertyWrapper.swift"; sourceTree = "<group>"; };
		098988012C9AD4D20036A253 /* RemindMeLaterView.swift */ = {isa = PBXFileReference; lastKnownFileType = sourcecode.swift; path = RemindMeLaterView.swift; sourceTree = "<group>"; };
		098DC01C2D294620005BE50C /* RunTypeSelectionView.swift */ = {isa = PBXFileReference; lastKnownFileType = sourcecode.swift; path = RunTypeSelectionView.swift; sourceTree = "<group>"; };
		0999BFF62B53FC13009BE901 /* ShoeImage.swift */ = {isa = PBXFileReference; lastKnownFileType = sourcecode.swift; path = ShoeImage.swift; sourceTree = "<group>"; };
		09A7B9DA2C81F5E100822C03 /* Color.swift */ = {isa = PBXFileReference; lastKnownFileType = sourcecode.swift; path = Color.swift; sourceTree = "<group>"; };
		09A81FE02CFB342300D6E72B /* WorkoutGroup.swift */ = {isa = PBXFileReference; lastKnownFileType = sourcecode.swift; path = WorkoutGroup.swift; sourceTree = "<group>"; };
		09A9FF202C9B42B1002507C9 /* PresetTimeCell.swift */ = {isa = PBXFileReference; lastKnownFileType = sourcecode.swift; path = PresetTimeCell.swift; sourceTree = "<group>"; };
		09A9FF262C9B49C4002507C9 /* PresetTime.swift */ = {isa = PBXFileReference; lastKnownFileType = sourcecode.swift; path = PresetTime.swift; sourceTree = "<group>"; };
		09B3A5A22CD25CE70007F375 /* ShoeFormView.swift */ = {isa = PBXFileReference; lastKnownFileType = sourcecode.swift; path = ShoeFormView.swift; sourceTree = "<group>"; };
		09B541F52B66C5FB00A31169 /* AddWokoutsToShoeView.swift */ = {isa = PBXFileReference; lastKnownFileType = sourcecode.swift; path = AddWokoutsToShoeView.swift; sourceTree = "<group>"; };
		09BFD2D22B974ECB009F4133 /* MediumShoeStatsWidget.swift */ = {isa = PBXFileReference; lastKnownFileType = sourcecode.swift; path = MediumShoeStatsWidget.swift; sourceTree = "<group>"; };
		09BFD2D42B9753D7009F4133 /* ShoeStatsEntity.swift */ = {isa = PBXFileReference; lastKnownFileType = sourcecode.swift; path = ShoeStatsEntity.swift; sourceTree = "<group>"; };
		09BFD2DA2B978DD9009F4133 /* SmallShoeStatsWidgetView.swift */ = {isa = PBXFileReference; lastKnownFileType = sourcecode.swift; path = SmallShoeStatsWidgetView.swift; sourceTree = "<group>"; };
		09BFD2DC2B978E97009F4133 /* MediumStatsTimelineProvider.swift */ = {isa = PBXFileReference; lastKnownFileType = sourcecode.swift; path = MediumStatsTimelineProvider.swift; sourceTree = "<group>"; };
		09BFD2E82B979C81009F4133 /* ShoesStore.swift */ = {isa = PBXFileReference; lastKnownFileType = sourcecode.swift; path = ShoesStore.swift; sourceTree = "<group>"; };
		09BFD6ED2C4050DF00D112BF /* WearCondition.swift */ = {isa = PBXFileReference; lastKnownFileType = sourcecode.swift; path = WearCondition.swift; sourceTree = "<group>"; };
		09BFEE872D21A35C00E911EC /* RunType.swift */ = {isa = PBXFileReference; lastKnownFileType = sourcecode.swift; path = RunType.swift; sourceTree = "<group>"; };
		09BFEE8A2D21A4EF00E911EC /* ShoesSchemaV2.swift */ = {isa = PBXFileReference; lastKnownFileType = sourcecode.swift; path = ShoesSchemaV2.swift; sourceTree = "<group>"; };
		09C171672C203D4A005FAB1A /* ShoeCategory.swift */ = {isa = PBXFileReference; fileEncoding = 4; lastKnownFileType = sourcecode.swift; path = ShoeCategory.swift; sourceTree = "<group>"; };
		09C171682C203D4A005FAB1A /* SortingRule+Order.swift */ = {isa = PBXFileReference; fileEncoding = 4; lastKnownFileType = sourcecode.swift; path = "SortingRule+Order.swift"; sourceTree = "<group>"; };
		09C5957F2C649BDC00A006BE /* UnitOfMeasure.swift */ = {isa = PBXFileReference; lastKnownFileType = sourcecode.swift; path = UnitOfMeasure.swift; sourceTree = "<group>"; };
		09D6B8F92C3C284E004EDA01 /* ShoeFormViewModel.swift */ = {isa = PBXFileReference; lastKnownFileType = sourcecode.swift; path = ShoeFormViewModel.swift; sourceTree = "<group>"; };
		09D9B5C52C08EA870016825A /* BlurredCircleButtonStyle.swift */ = {isa = PBXFileReference; lastKnownFileType = sourcecode.swift; path = BlurredCircleButtonStyle.swift; sourceTree = "<group>"; };
		09D9B5C72C08EAB10016825A /* BlurredCapsuleButtonStyle.swift */ = {isa = PBXFileReference; lastKnownFileType = sourcecode.swift; path = BlurredCapsuleButtonStyle.swift; sourceTree = "<group>"; };
		09D9B5C92C08F1930016825A /* UIApplication.swift */ = {isa = PBXFileReference; lastKnownFileType = sourcecode.swift; path = UIApplication.swift; sourceTree = "<group>"; };
		09DE4A6F2B0D3F7F001119E4 /* ShoeHealth.app */ = {isa = PBXFileReference; explicitFileType = wrapper.application; includeInIndex = 0; path = ShoeHealth.app; sourceTree = BUILT_PRODUCTS_DIR; };
		09DE4A722B0D3F7F001119E4 /* ShoeHealthApp.swift */ = {isa = PBXFileReference; lastKnownFileType = sourcecode.swift; path = ShoeHealthApp.swift; sourceTree = "<group>"; };
		09DE4A742B0D3F7F001119E4 /* ContentView.swift */ = {isa = PBXFileReference; lastKnownFileType = sourcecode.swift; path = ContentView.swift; sourceTree = "<group>"; };
		09DE4A762B0D3F81001119E4 /* Assets.xcassets */ = {isa = PBXFileReference; lastKnownFileType = folder.assetcatalog; path = Assets.xcassets; sourceTree = "<group>"; };
		09DE4A792B0D3F81001119E4 /* Preview Assets.xcassets */ = {isa = PBXFileReference; lastKnownFileType = folder.assetcatalog; path = "Preview Assets.xcassets"; sourceTree = "<group>"; };
		09DE4A802B0D43AC001119E4 /* ShoeHealth.entitlements */ = {isa = PBXFileReference; lastKnownFileType = text.plist.entitlements; path = ShoeHealth.entitlements; sourceTree = "<group>"; };
		09DE4A812B0D4CD8001119E4 /* HealthManager.swift */ = {isa = PBXFileReference; lastKnownFileType = sourcecode.swift; path = HealthManager.swift; sourceTree = "<group>"; };
		09E2F34A2B15130900D16101 /* WorkoutListItem.swift */ = {isa = PBXFileReference; lastKnownFileType = sourcecode.swift; path = WorkoutListItem.swift; sourceTree = "<group>"; };
		09E2F34C2B15175800D16101 /* ShoeSelectionView.swift */ = {isa = PBXFileReference; lastKnownFileType = sourcecode.swift; path = ShoeSelectionView.swift; sourceTree = "<group>"; };
		09E2F34E2B151DD800D16101 /* HKWorkout+Identifiable.swift */ = {isa = PBXFileReference; lastKnownFileType = sourcecode.swift; path = "HKWorkout+Identifiable.swift"; sourceTree = "<group>"; };
		09E2F3502B1668D700D16101 /* ShoeListItem.swift */ = {isa = PBXFileReference; lastKnownFileType = sourcecode.swift; path = ShoeListItem.swift; sourceTree = "<group>"; };
		09E385D72B1256B9005CFF02 /* HKWorkout+Statistics.swift */ = {isa = PBXFileReference; lastKnownFileType = sourcecode.swift; path = "HKWorkout+Statistics.swift"; sourceTree = "<group>"; };
		09E385DF2B13457E005CFF02 /* WorkoutsTab.swift */ = {isa = PBXFileReference; lastKnownFileType = sourcecode.swift; path = WorkoutsTab.swift; sourceTree = "<group>"; };
		09E385E22B1345D7005CFF02 /* ShoesTab.swift */ = {isa = PBXFileReference; lastKnownFileType = sourcecode.swift; path = ShoesTab.swift; sourceTree = "<group>"; };
		09E385E92B13FCC4005CFF02 /* PreviewSampleData.swift */ = {isa = PBXFileReference; lastKnownFileType = sourcecode.swift; path = PreviewSampleData.swift; sourceTree = "<group>"; };
		09E385EB2B13FD0D005CFF02 /* ModelContainerPreview.swift */ = {isa = PBXFileReference; lastKnownFileType = sourcecode.swift; path = ModelContainerPreview.swift; sourceTree = "<group>"; };
		09F18EE72BC6AC03002B73EE /* ShoeCell.swift */ = {isa = PBXFileReference; lastKnownFileType = sourcecode.swift; path = ShoeCell.swift; sourceTree = "<group>"; };
		09F96F352B67E27000BCE5E7 /* ShoeWorkoutsListView.swift */ = {isa = PBXFileReference; lastKnownFileType = sourcecode.swift; path = ShoeWorkoutsListView.swift; sourceTree = "<group>"; };
/* End PBXFileReference section */

/* Begin PBXFrameworksBuildPhase section */
		093742812B7AAD7A008D96BD /* Frameworks */ = {
			isa = PBXFrameworksBuildPhase;
			buildActionMask = 2147483647;
			files = (
			);
			runOnlyForDeploymentPostprocessing = 0;
		};
		09DE4A6C2B0D3F7F001119E4 /* Frameworks */ = {
			isa = PBXFrameworksBuildPhase;
			buildActionMask = 2147483647;
			files = (
			);
			runOnlyForDeploymentPostprocessing = 0;
		};
/* End PBXFrameworksBuildPhase section */

/* Begin PBXGroup section */
		0907F25C2B1C964B00EB682A /* App */ = {
			isa = PBXGroup;
			children = (
				0907F25D2B1C965E00EB682A /* AppDelegate.swift */,
				09DE4A722B0D3F7F001119E4 /* ShoeHealthApp.swift */,
			);
			path = App;
			sourceTree = "<group>";
		};
		090D76ED2BB2DEE600D23762 /* Helpers */ = {
			isa = PBXGroup;
			children = (
				0948B5DA2C0DE9CA001A7745 /* Prompts.swift */,
				0936FF582BD6628900BF5798 /* DimissSwipeGesture.swift */,
				0936FF542BD586F600BF5798 /* FrameReader.swift */,
				0944A7F12CE23D720042081D /* SFSafariViewController.swift */,
				09D9B5C42C08EA650016825A /* ButtonStyle */,
				094F26282BE01FC800441A62 /* ScrollTargetBehavior */,
				0980A7EF2BB42DBF000848A1 /* PropertyWrappers */,
				0936FF512BD14C7B00BF5798 /* ViewModifiers */,
			);
			path = Helpers;
			sourceTree = "<group>";
		};
		091AD7262C902376002D57C4 /* LICENSE */ = {
			isa = PBXGroup;
			children = (
				091AD7252C902376002D57C4 /* LICENSE */,
			);
			path = LICENSE;
			sourceTree = "<group>";
		};
		092DDB6C2CBC3C6000263F06 /* Store */ = {
			isa = PBXGroup;
			children = (
				0944A7D92CD4DBC00042081D /* Views */,
				0944A7DA2CD4DBCB0042081D /* ViewModel */,
				092DDB6F2CBC3CEB00263F06 /* Products.storekit */,
				092DDB712CBC3D0D00263F06 /* Products.plist */,
			);
			path = Store;
			sourceTree = "<group>";
		};
		0936FF512BD14C7B00BF5798 /* ViewModifiers */ = {
			isa = PBXGroup;
			children = (
				0936FF522BD14CA300BF5798 /* StrechyHeaderViewModifier.swift */,
			);
			path = ViewModifiers;
			sourceTree = "<group>";
		};
		093742742B7A6A87008D96BD /* Shared */ = {
			isa = PBXGroup;
			children = (
				0980A7F22BB5AEB4000848A1 /* Helpers */,
				093742A22B7B9C74008D96BD /* Extensions */,
				0980A7F32BB5AEFB000848A1 /* ShoesStore */,
				093742A72B84AE29008D96BD /* View */,
				09E385E82B13FCAF005CFF02 /* PreviewSample */,
			);
			path = Shared;
			sourceTree = "<group>";
		};
		093742872B7AAD7A008D96BD /* ShoeStatsWidget */ = {
			isa = PBXGroup;
			children = (
				093C4A4C2D0C33BE007EDEEA /* ShoeStatsWidgetExtension.entitlements */,
				093742882B7AAD7A008D96BD /* ShoesStatsWidgetBundle.swift */,
				09BFD2D82B976E34009F4133 /* ShoeStatsWidget */,
				0937428E2B7AAD7B008D96BD /* Info.plist */,
				0978E0AF2CB53D1400DEA781 /* Assets.xcassets */,
			);
			path = ShoeStatsWidget;
			sourceTree = "<group>";
		};
		093742A22B7B9C74008D96BD /* Extensions */ = {
			isa = PBXGroup;
			children = (
				090E15702BF377F800BC8124 /* Double.swift */,
				09A7B9DA2C81F5E100822C03 /* Color.swift */,
				09E7EAB12B3AE67900BFAC16 /* HKWorkout */,
			);
			path = Extensions;
			sourceTree = "<group>";
		};
		093742A32B7B9C80008D96BD /* Model */ = {
			isa = PBXGroup;
			children = (
				09402B7F2BFD0CFA00C943C1 /* PersonalBest.swift */,
				09402B7D2BFBC54800C943C1 /* RunningCategory.swift */,
				09BFD6ED2C4050DF00D112BF /* WearCondition.swift */,
				09BFEE872D21A35C00E911EC /* RunType.swift */,
				09C171692C203D4A005FAB1A /* Filtering */,
			);
			path = Model;
			sourceTree = "<group>";
		};
		093742A72B84AE29008D96BD /* View */ = {
			isa = PBXGroup;
			children = (
				094B75B02B4ECA7000632590 /* CircularProgressView.swift */,
				095D8B5F2BCD6A80001D7592 /* RoundedRectangleProgressView.swift */,
			);
			path = View;
			sourceTree = "<group>";
		};
		0944A7D82CD4DB980042081D /* LaunchScreen */ = {
			isa = PBXGroup;
			children = (
				0944A7DF2CD4DE400042081D /* LaunchScreen.storyboard */,
				0944A7E12CD4DFDF0042081D /* LaunchView.swift */,
			);
			path = LaunchScreen;
			sourceTree = "<group>";
		};
		0944A7D92CD4DBC00042081D /* Views */ = {
			isa = PBXGroup;
			children = (
				092DDB732CBC3DD600263F06 /* PaywallView.swift */,
			);
			path = Views;
			sourceTree = "<group>";
		};
		0944A7DA2CD4DBCB0042081D /* ViewModel */ = {
			isa = PBXGroup;
			children = (
				092DDB6D2CBC3CD000263F06 /* StoreManager.swift */,
			);
			path = ViewModel;
			sourceTree = "<group>";
		};
		0948B5DC2C0E1C2A001A7745 /* Extensions */ = {
			isa = PBXGroup;
			children = (
				090E156B2BE8EAAA00BC8124 /* View.swift */,
				09D9B5C92C08F1930016825A /* UIApplication.swift */,
			);
			path = Extensions;
			sourceTree = "<group>";
		};
		094F26282BE01FC800441A62 /* ScrollTargetBehavior */ = {
			isa = PBXGroup;
			children = (
				094F26292BE01FF100441A62 /* StaticHeaderScrollTargetBehavior.swift */,
				094F262B2BE0D08B00441A62 /* StretchyScrollTargetBehavior.swift */,
			);
			path = ScrollTargetBehavior;
			sourceTree = "<group>";
		};
		0956EE3A2B4C06F70029445E /* NavigationStack */ = {
			isa = PBXGroup;
			children = (
				0956EE382B4C057D0029445E /* TabItem.swift */,
				0956815A2B46E207005E5FE6 /* NavigationRouter.swift */,
			);
			path = NavigationStack;
			sourceTree = "<group>";
		};
		09630FEF2D08B22C006C14E0 /* Small */ = {
			isa = PBXGroup;
			children = (
				09630FF62D08B6C0006C14E0 /* SmallSelectShoeIntent.swift */,
				09630FF42D08B684006C14E0 /* SmallStatsTimelineProvider.swift */,
				09630FED2D08B219006C14E0 /* SmallShoeStatsWidget.swift */,
				09BFD2DA2B978DD9009F4133 /* SmallShoeStatsWidgetView.swift */,
			);
			path = Small;
			sourceTree = "<group>";
		};
		09630FF12D08B255006C14E0 /* Medium */ = {
			isa = PBXGroup;
			children = (
				09630FF22D08B510006C14E0 /* MediumSelectShoeIntent.swift */,
				09BFD2DC2B978E97009F4133 /* MediumStatsTimelineProvider.swift */,
				09BFD2D22B974ECB009F4133 /* MediumShoeStatsWidget.swift */,
				09630FEB2D085F23006C14E0 /* MediumShoeStatsWidgetView.swift */,
			);
			path = Medium;
			sourceTree = "<group>";
		};
		097C434E2C1DC3C800A1C639 /* Onboarding */ = {
			isa = PBXGroup;
			children = (
				097C434F2C1DC3D700A1C639 /* Model */,
				097C43532C1DC3FD00A1C639 /* View */,
				097C43502C1DC3DF00A1C639 /* ViewModel */,
			);
			path = Onboarding;
			sourceTree = "<group>";
		};
		097C434F2C1DC3D700A1C639 /* Model */ = {
			isa = PBXGroup;
			children = (
				0944A7F52CE3E2580042081D /* WelcomeItem.swift */,
				094D13902C1B2270003C6F50 /* OnboardingTab.swift */,
			);
			path = Model;
			sourceTree = "<group>";
		};
		097C43502C1DC3DF00A1C639 /* ViewModel */ = {
			isa = PBXGroup;
			children = (
				097C43512C1DC3ED00A1C639 /* OnboardingViewModel.swift */,
			);
			path = ViewModel;
			sourceTree = "<group>";
		};
		097C43532C1DC3FD00A1C639 /* View */ = {
			isa = PBXGroup;
			children = (
				094D138A2C178A00003C6F50 /* OnboardingScreen.swift */,
				0944A7F32CE3CE450042081D /* WelcomePage.swift */,
				094D138E2C19EF55003C6F50 /* OnboardingPage.swift */,
			);
			path = View;
			sourceTree = "<group>";
		};
		0980A7EF2BB42DBF000848A1 /* PropertyWrappers */ = {
			isa = PBXGroup;
			children = (
				0980A7ED2BB42DB1000848A1 /* UserDefault+PropertyWrapper.swift */,
			);
			path = PropertyWrappers;
			sourceTree = "<group>";
		};
		0980A7F22BB5AEB4000848A1 /* Helpers */ = {
			isa = PBXGroup;
			children = (
				096D36A32B20B1C900C78453 /* Formatters.swift */,
			);
			path = Helpers;
			sourceTree = "<group>";
		};
		0980A7F32BB5AEFB000848A1 /* ShoesStore */ = {
			isa = PBXGroup;
			children = (
				09BFD2E82B979C81009F4133 /* ShoesStore.swift */,
				0944A7F82CE60AF20042081D /* ShoesMigrationPlan.swift */,
				0944A7FB2CE60B1A0042081D /* ShoesSchemaV1.swift */,
				09BFEE8A2D21A4EF00E911EC /* ShoesSchemaV2.swift */,
			);
			path = ShoesStore;
			sourceTree = "<group>";
		};
		09A9FF222C9B48F4002507C9 /* Settings */ = {
			isa = PBXGroup;
			children = (
				09A9FF232C9B4908002507C9 /* Model */,
				09A9FF252C9B491C002507C9 /* View */,
				09A9FF242C9B490B002507C9 /* ViewModel */,
			);
			path = Settings;
			sourceTree = "<group>";
		};
		09A9FF232C9B4908002507C9 /* Model */ = {
			isa = PBXGroup;
			children = (
				09A9FF262C9B49C4002507C9 /* PresetTime.swift */,
				09C5957F2C649BDC00A006BE /* UnitOfMeasure.swift */,
			);
			path = Model;
			sourceTree = "<group>";
		};
		09A9FF242C9B490B002507C9 /* ViewModel */ = {
			isa = PBXGroup;
			children = (
				0969BDE52C58FE9400933469 /* SettingsManager.swift */,
			);
			path = ViewModel;
			sourceTree = "<group>";
		};
		09A9FF252C9B491C002507C9 /* View */ = {
			isa = PBXGroup;
			children = (
				094F26212BDC2B1200441A62 /* SettingsTab.swift */,
				098988012C9AD4D20036A253 /* RemindMeLaterView.swift */,
				09A9FF202C9B42B1002507C9 /* PresetTimeCell.swift */,
			);
			path = View;
			sourceTree = "<group>";
		};
		09BD131B2B40923B00DFA6B1 /* ViewComponents */ = {
			isa = PBXGroup;
			children = (
				09E2F3502B1668D700D16101 /* ShoeListItem.swift */,
				09E2F34A2B15130900D16101 /* WorkoutListItem.swift */,
				09F18EE72BC6AC03002B73EE /* ShoeCell.swift */,
				090E156D2BEB814D00BC8124 /* StatCell.swift */,
				0999BFF62B53FC13009BE901 /* ShoeImage.swift */,
				0936FF5D2BD6DED000BF5798 /* StretchyHeaderCell.swift */,
				0936FF5F2BD6DEE700BF5798 /* StaticHeaderCell.swift */,
			);
			path = ViewComponents;
			sourceTree = "<group>";
		};
		09BFD2D82B976E34009F4133 /* ShoeStatsWidget */ = {
			isa = PBXGroup;
			children = (
				09BFD2D42B9753D7009F4133 /* ShoeStatsEntity.swift */,
				09630FEF2D08B22C006C14E0 /* Small */,
				09630FF12D08B255006C14E0 /* Medium */,
			);
			path = ShoeStatsWidget;
			sourceTree = "<group>";
		};
		09C171662C203CB4005FAB1A /* Home */ = {
			isa = PBXGroup;
			children = (
				093742A32B7B9C80008D96BD /* Model */,
				09C1716C2C203D8A005FAB1A /* View */,
				09C1716D2C203D9D005FAB1A /* ViewModel */,
			);
			path = Home;
			sourceTree = "<group>";
		};
		09C171692C203D4A005FAB1A /* Filtering */ = {
			isa = PBXGroup;
			children = (
				09A81FE02CFB342300D6E72B /* WorkoutGroup.swift */,
				09C171672C203D4A005FAB1A /* ShoeCategory.swift */,
				09C171682C203D4A005FAB1A /* SortingRule+Order.swift */,
			);
			path = Filtering;
			sourceTree = "<group>";
		};
		09C1716C2C203D8A005FAB1A /* View */ = {
			isa = PBXGroup;
			children = (
				094D13882C17871F003C6F50 /* HomeScreen.swift */,
				09E2F34C2B15175800D16101 /* ShoeSelectionView.swift */,
				0925516D2C78D022004CA262 /* MultipleShoeSelectionView.swift */,
				09E385E72B13FAE5005CFF02 /* ShoesTab */,
				09E385E62B13FAD8005CFF02 /* WorkoutsTab */,
			);
			path = View;
			sourceTree = "<group>";
		};
		09C1716D2C203D9D005FAB1A /* ViewModel */ = {
			isa = PBXGroup;
			children = (
				0975440B2B28769A00B379E2 /* ShoesViewModel.swift */,
				09D6B8F92C3C284E004EDA01 /* ShoeFormViewModel.swift */,
			);
			path = ViewModel;
			sourceTree = "<group>";
		};
		09D1AF922BD9636700C61E5D /* Core */ = {
			isa = PBXGroup;
			children = (
				09DE4A742B0D3F7F001119E4 /* ContentView.swift */,
				0944A7D82CD4DB980042081D /* LaunchScreen */,
				097C434E2C1DC3C800A1C639 /* Onboarding */,
				09C171662C203CB4005FAB1A /* Home */,
				092DDB6C2CBC3C6000263F06 /* Store */,
				09A9FF222C9B48F4002507C9 /* Settings */,
				0956EE3A2B4C06F70029445E /* NavigationStack */,
				09BD131B2B40923B00DFA6B1 /* ViewComponents */,
			);
			path = Core;
			sourceTree = "<group>";
		};
		09D9B5C42C08EA650016825A /* ButtonStyle */ = {
			isa = PBXGroup;
			children = (
				09D9B5C52C08EA870016825A /* BlurredCircleButtonStyle.swift */,
				09D9B5C72C08EAB10016825A /* BlurredCapsuleButtonStyle.swift */,
			);
			path = ButtonStyle;
			sourceTree = "<group>";
		};
		09DE4A662B0D3F7F001119E4 = {
			isa = PBXGroup;
			children = (
				093742742B7A6A87008D96BD /* Shared */,
				09DE4A712B0D3F7F001119E4 /* ShoeHealth */,
				093742872B7AAD7A008D96BD /* ShoeStatsWidget */,
				091AD7262C902376002D57C4 /* LICENSE */,
				09DE4A702B0D3F7F001119E4 /* Products */,
			);
			sourceTree = "<group>";
		};
		09DE4A702B0D3F7F001119E4 /* Products */ = {
			isa = PBXGroup;
			children = (
				09DE4A6F2B0D3F7F001119E4 /* ShoeHealth.app */,
				093742842B7AAD7A008D96BD /* ShoeStatsWidgetExtension.appex */,
			);
			name = Products;
			sourceTree = "<group>";
		};
		09DE4A712B0D3F7F001119E4 /* ShoeHealth */ = {
			isa = PBXGroup;
			children = (
				09DE4A802B0D43AC001119E4 /* ShoeHealth.entitlements */,
				0907F25C2B1C964B00EB682A /* App */,
				09E7EAB22B3B265B00BFAC16 /* Utilities */,
				0948B5DC2C0E1C2A001A7745 /* Extensions */,
				090D76ED2BB2DEE600D23762 /* Helpers */,
				09D1AF922BD9636700C61E5D /* Core */,
				09DE4A782B0D3F81001119E4 /* Preview Content */,
				09DE4A762B0D3F81001119E4 /* Assets.xcassets */,
			);
			path = ShoeHealth;
			sourceTree = "<group>";
		};
		09DE4A782B0D3F81001119E4 /* Preview Content */ = {
			isa = PBXGroup;
			children = (
				09DE4A792B0D3F81001119E4 /* Preview Assets.xcassets */,
			);
			path = "Preview Content";
			sourceTree = "<group>";
		};
		09E385E62B13FAD8005CFF02 /* WorkoutsTab */ = {
			isa = PBXGroup;
			children = (
				09E385DF2B13457E005CFF02 /* WorkoutsTab.swift */,
				09402B7B2BFBBB6800C943C1 /* SampleView.swift */,
			);
			path = WorkoutsTab;
			sourceTree = "<group>";
		};
		09E385E72B13FAE5005CFF02 /* ShoesTab */ = {
			isa = PBXGroup;
			children = (
				09E385E22B1345D7005CFF02 /* ShoesTab.swift */,
				092DDB752CCA63CF00263F06 /* ShoeSearchListView.swift */,
				0944A7FE2CEB8D440042081D /* ShoeSearchResultsView.swift */,
				092DDB772CCA63F000263F06 /* ShoesView.swift */,
				0936FF4B2BD12D9800BF5798 /* ShoesListView.swift */,
				0936FF4F2BD1464B00BF5798 /* ShoeDetailView.swift */,
				09B3A5A22CD25CE70007F375 /* ShoeFormView.swift */,
				098DC01C2D294620005BE50C /* RunTypeSelectionView.swift */,
				09F96F352B67E27000BCE5E7 /* ShoeWorkoutsListView.swift */,
				09B541F52B66C5FB00A31169 /* AddWokoutsToShoeView.swift */,
			);
			path = ShoesTab;
			sourceTree = "<group>";
		};
		09E385E82B13FCAF005CFF02 /* PreviewSample */ = {
			isa = PBXGroup;
			children = (
				09E385E92B13FCC4005CFF02 /* PreviewSampleData.swift */,
				09E385EB2B13FD0D005CFF02 /* ModelContainerPreview.swift */,
			);
			path = PreviewSample;
			sourceTree = "<group>";
		};
		09E7EAB12B3AE67900BFAC16 /* HKWorkout */ = {
			isa = PBXGroup;
			children = (
				09E385D72B1256B9005CFF02 /* HKWorkout+Statistics.swift */,
				09E2F34E2B151DD800D16101 /* HKWorkout+Identifiable.swift */,
			);
			path = HKWorkout;
			sourceTree = "<group>";
		};
		09E7EAB22B3B265B00BFAC16 /* Utilities */ = {
			isa = PBXGroup;
			children = (
				09DE4A812B0D4CD8001119E4 /* HealthManager.swift */,
				0907F2602B1E206700EB682A /* NotificationManager.swift */,
			);
			path = Utilities;
			sourceTree = "<group>";
		};
/* End PBXGroup section */

/* Begin PBXNativeTarget section */
		093742832B7AAD7A008D96BD /* ShoeStatsWidgetExtension */ = {
			isa = PBXNativeTarget;
			buildConfigurationList = 093742922B7AAD7B008D96BD /* Build configuration list for PBXNativeTarget "ShoeStatsWidgetExtension" */;
			buildPhases = (
				093742802B7AAD7A008D96BD /* Sources */,
				093742812B7AAD7A008D96BD /* Frameworks */,
				093742822B7AAD7A008D96BD /* Resources */,
				0948B5E12C131257001A7745 /* Embed Frameworks */,
			);
			buildRules = (
			);
			dependencies = (
			);
			name = ShoeStatsWidgetExtension;
			productName = ShoeStatsWidgetExtension;
			productReference = 093742842B7AAD7A008D96BD /* ShoeStatsWidgetExtension.appex */;
			productType = "com.apple.product-type.app-extension";
		};
		09DE4A6E2B0D3F7F001119E4 /* ShoeHealth */ = {
			isa = PBXNativeTarget;
			buildConfigurationList = 09DE4A7D2B0D3F81001119E4 /* Build configuration list for PBXNativeTarget "ShoeHealth" */;
			buildPhases = (
				09DE4A6B2B0D3F7F001119E4 /* Sources */,
				09DE4A6C2B0D3F7F001119E4 /* Frameworks */,
				09DE4A6D2B0D3F7F001119E4 /* Resources */,
				093742702B7A6720008D96BD /* Embed Foundation Extensions */,
			);
			buildRules = (
			);
			dependencies = (
				093742902B7AAD7B008D96BD /* PBXTargetDependency */,
			);
			name = ShoeHealth;
			packageProductDependencies = (
			);
			productName = ShoeHealth;
			productReference = 09DE4A6F2B0D3F7F001119E4 /* ShoeHealth.app */;
			productType = "com.apple.product-type.application";
		};
/* End PBXNativeTarget section */

/* Begin PBXProject section */
		09DE4A672B0D3F7F001119E4 /* Project object */ = {
			isa = PBXProject;
			attributes = {
				BuildIndependentTargetsInParallel = 1;
				LastSwiftUpdateCheck = 1520;
				LastUpgradeCheck = 1610;
				TargetAttributes = {
					093742832B7AAD7A008D96BD = {
						CreatedOnToolsVersion = 15.2;
					};
					09DE4A6E2B0D3F7F001119E4 = {
						CreatedOnToolsVersion = 15.0.1;
					};
				};
			};
			buildConfigurationList = 09DE4A6A2B0D3F7F001119E4 /* Build configuration list for PBXProject "ShoeHealth" */;
			compatibilityVersion = "Xcode 14.0";
			developmentRegion = en;
			hasScannedForEncodings = 0;
			knownRegions = (
				en,
				Base,
			);
			mainGroup = 09DE4A662B0D3F7F001119E4;
			packageReferences = (
			);
			productRefGroup = 09DE4A702B0D3F7F001119E4 /* Products */;
			projectDirPath = "";
			projectRoot = "";
			targets = (
				09DE4A6E2B0D3F7F001119E4 /* ShoeHealth */,
				093742832B7AAD7A008D96BD /* ShoeStatsWidgetExtension */,
			);
		};
/* End PBXProject section */

/* Begin PBXResourcesBuildPhase section */
		093742822B7AAD7A008D96BD /* Resources */ = {
			isa = PBXResourcesBuildPhase;
			buildActionMask = 2147483647;
			files = (
				0978E0B02CB53D1400DEA781 /* Assets.xcassets in Resources */,
			);
			runOnlyForDeploymentPostprocessing = 0;
		};
		09DE4A6D2B0D3F7F001119E4 /* Resources */ = {
			isa = PBXResourcesBuildPhase;
			buildActionMask = 2147483647;
			files = (
				092DDB702CBC3CEB00263F06 /* Products.storekit in Resources */,
				09DE4A7A2B0D3F81001119E4 /* Preview Assets.xcassets in Resources */,
				092DDB722CBC3D0D00263F06 /* Products.plist in Resources */,
				0944A7E02CD4DE400042081D /* LaunchScreen.storyboard in Resources */,
				09DE4A772B0D3F81001119E4 /* Assets.xcassets in Resources */,
				091AD7272C902376002D57C4 /* LICENSE in Resources */,
			);
			runOnlyForDeploymentPostprocessing = 0;
		};
/* End PBXResourcesBuildPhase section */

/* Begin PBXSourcesBuildPhase section */
		093742802B7AAD7A008D96BD /* Sources */ = {
			isa = PBXSourcesBuildPhase;
			buildActionMask = 2147483647;
			files = (
				09630FF72D08B6C0006C14E0 /* SmallSelectShoeIntent.swift in Sources */,
				09BFD2D32B974ECB009F4133 /* MediumShoeStatsWidget.swift in Sources */,
				09BFD2DB2B978DD9009F4133 /* SmallShoeStatsWidgetView.swift in Sources */,
				09A7B9DC2C81F5E100822C03 /* Color.swift in Sources */,
				09BFD2DD2B978E97009F4133 /* MediumStatsTimelineProvider.swift in Sources */,
				09630FEC2D085F23006C14E0 /* MediumShoeStatsWidgetView.swift in Sources */,
				09BFEE882D21A35C00E911EC /* RunType.swift in Sources */,
				0944A7FD2CE60B1A0042081D /* ShoesSchemaV1.swift in Sources */,
				09C595802C649BDC00A006BE /* UnitOfMeasure.swift in Sources */,
				093742962B7AAD9D008D96BD /* PreviewSampleData.swift in Sources */,
				0937429A2B7AAED9008D96BD /* Formatters.swift in Sources */,
				09BFD6EE2C4050DF00D112BF /* WearCondition.swift in Sources */,
				093742A12B7B9C50008D96BD /* HKWorkout+Identifiable.swift in Sources */,
				09630FF32D08B510006C14E0 /* MediumSelectShoeIntent.swift in Sources */,
				094D13832C1606F1003C6F50 /* Double.swift in Sources */,
				09630FF52D08B684006C14E0 /* SmallStatsTimelineProvider.swift in Sources */,
				09630FEE2D08B219006C14E0 /* SmallShoeStatsWidget.swift in Sources */,
				0944A7F92CE60AF20042081D /* ShoesMigrationPlan.swift in Sources */,
				09BFD2EA2B979C81009F4133 /* ShoesStore.swift in Sources */,
				09402B822BFD0F0700C943C1 /* RunningCategory.swift in Sources */,
				093742A02B7B756E008D96BD /* HKWorkout+Statistics.swift in Sources */,
				095D8B612BCD6B61001D7592 /* RoundedRectangleProgressView.swift in Sources */,
				093742972B7AAD9F008D96BD /* ModelContainerPreview.swift in Sources */,
				093742A62B7E519A008D96BD /* CircularProgressView.swift in Sources */,
				09BFEE8C2D21A4EF00E911EC /* ShoesSchemaV2.swift in Sources */,
				09BFD2D52B9753D7009F4133 /* ShoeStatsEntity.swift in Sources */,
				093742892B7AAD7A008D96BD /* ShoesStatsWidgetBundle.swift in Sources */,
				09402B812BFD0EFA00C943C1 /* PersonalBest.swift in Sources */,
			);
			runOnlyForDeploymentPostprocessing = 0;
		};
		09DE4A6B2B0D3F7F001119E4 /* Sources */ = {
			isa = PBXSourcesBuildPhase;
			buildActionMask = 2147483647;
			files = (
				098988022C9AD4D20036A253 /* RemindMeLaterView.swift in Sources */,
				0936FF552BD586F600BF5798 /* FrameReader.swift in Sources */,
				0944A7FA2CE60AF20042081D /* ShoesMigrationPlan.swift in Sources */,
				095D8B602BCD6A80001D7592 /* RoundedRectangleProgressView.swift in Sources */,
				092DDB6E2CBC3CD000263F06 /* StoreManager.swift in Sources */,
				09A9FF272C9B49C4002507C9 /* PresetTime.swift in Sources */,
				0944A7F22CE23D720042081D /* SFSafariViewController.swift in Sources */,
				09E2F34B2B15130900D16101 /* WorkoutListItem.swift in Sources */,
				0969BDE62C58FE9400933469 /* SettingsManager.swift in Sources */,
				0936FF5E2BD6DED000BF5798 /* StretchyHeaderCell.swift in Sources */,
				09B541F62B66C5FB00A31169 /* AddWokoutsToShoeView.swift in Sources */,
				0975440C2B28769A00B379E2 /* ShoesViewModel.swift in Sources */,
				094F262C2BE0D08B00441A62 /* StretchyScrollTargetBehavior.swift in Sources */,
				0936FF602BD6DEE700BF5798 /* StaticHeaderCell.swift in Sources */,
				09D9B5CA2C08F1930016825A /* UIApplication.swift in Sources */,
				092DDB762CCA63CF00263F06 /* ShoeSearchListView.swift in Sources */,
				09A81FE12CFB342300D6E72B /* WorkoutGroup.swift in Sources */,
				09BFEE8B2D21A4EF00E911EC /* ShoesSchemaV2.swift in Sources */,
				0944A7F62CE3E25C0042081D /* WelcomeItem.swift in Sources */,
				09D9B5C62C08EA870016825A /* BlurredCircleButtonStyle.swift in Sources */,
				09B3A5A32CD25CE70007F375 /* ShoeFormView.swift in Sources */,
				09D9B5C82C08EAB10016825A /* BlurredCapsuleButtonStyle.swift in Sources */,
				09402B802BFD0CFA00C943C1 /* PersonalBest.swift in Sources */,
				0948B5DB2C0DE9CA001A7745 /* Prompts.swift in Sources */,
				090E15712BF377F800BC8124 /* Double.swift in Sources */,
				0956815B2B46E207005E5FE6 /* NavigationRouter.swift in Sources */,
				09402B7C2BFBBB6800C943C1 /* SampleView.swift in Sources */,
				0944A7FF2CEB8D440042081D /* ShoeSearchResultsView.swift in Sources */,
				094D13912C1B2270003C6F50 /* OnboardingTab.swift in Sources */,
				0956EE392B4C057D0029445E /* TabItem.swift in Sources */,
				09A7B9DB2C81F5E100822C03 /* Color.swift in Sources */,
				090E156C2BE8EAAA00BC8124 /* View.swift in Sources */,
				09F96F362B67E27000BCE5E7 /* ShoeWorkoutsListView.swift in Sources */,
				092DDB742CBC3DD600263F06 /* PaywallView.swift in Sources */,
				09DE4A752B0D3F7F001119E4 /* ContentView.swift in Sources */,
				0999BFF72B53FC13009BE901 /* ShoeImage.swift in Sources */,
				09C1716A2C203D4A005FAB1A /* ShoeCategory.swift in Sources */,
				09E385E32B1345D7005CFF02 /* ShoesTab.swift in Sources */,
				0936FF592BD6628900BF5798 /* DimissSwipeGesture.swift in Sources */,
				09E385E02B13457E005CFF02 /* WorkoutsTab.swift in Sources */,
				0944A7E22CD4DFDF0042081D /* LaunchView.swift in Sources */,
				09BFD6EF2C4050DF00D112BF /* WearCondition.swift in Sources */,
				09E2F34F2B151DD800D16101 /* HKWorkout+Identifiable.swift in Sources */,
				09E385D82B1256B9005CFF02 /* HKWorkout+Statistics.swift in Sources */,
				09BFEE892D21A35C00E911EC /* RunType.swift in Sources */,
				094B75B12B4ECA7000632590 /* CircularProgressView.swift in Sources */,
				09DE4A732B0D3F7F001119E4 /* ShoeHealthApp.swift in Sources */,
				097C43522C1DC3ED00A1C639 /* OnboardingViewModel.swift in Sources */,
				09DE4A822B0D4CD8001119E4 /* HealthManager.swift in Sources */,
				0936FF502BD1464B00BF5798 /* ShoeDetailView.swift in Sources */,
				0907F2612B1E206700EB682A /* NotificationManager.swift in Sources */,
				094F262A2BE01FF100441A62 /* StaticHeaderScrollTargetBehavior.swift in Sources */,
				09C1716B2C203D4A005FAB1A /* SortingRule+Order.swift in Sources */,
				092DDB782CCA63F000263F06 /* ShoesView.swift in Sources */,
				090E156E2BEB814D00BC8124 /* StatCell.swift in Sources */,
				094D138B2C178A00003C6F50 /* OnboardingScreen.swift in Sources */,
				0944A7FC2CE60B1A0042081D /* ShoesSchemaV1.swift in Sources */,
				09F18EE82BC6AC03002B73EE /* ShoeCell.swift in Sources */,
				096D36A42B20B1C900C78453 /* Formatters.swift in Sources */,
				09C595812C649BDC00A006BE /* UnitOfMeasure.swift in Sources */,
				09E385EC2B13FD0D005CFF02 /* ModelContainerPreview.swift in Sources */,
				09E2F3512B1668D700D16101 /* ShoeListItem.swift in Sources */,
				09E2F34D2B15175800D16101 /* ShoeSelectionView.swift in Sources */,
				09D6B8FA2C3C2856004EDA01 /* ShoeFormViewModel.swift in Sources */,
				0936FF532BD14CA300BF5798 /* StrechyHeaderViewModifier.swift in Sources */,
				094D138F2C19EF55003C6F50 /* OnboardingPage.swift in Sources */,
				0944A7F42CE3CE450042081D /* WelcomePage.swift in Sources */,
				098DC01D2D294620005BE50C /* RunTypeSelectionView.swift in Sources */,
				0936FF4C2BD12D9800BF5798 /* ShoesListView.swift in Sources */,
				09BFD2E92B979C81009F4133 /* ShoesStore.swift in Sources */,
				0925516E2C78D029004CA262 /* MultipleShoeSelectionView.swift in Sources */,
				0907F25E2B1C965E00EB682A /* AppDelegate.swift in Sources */,
				094D13892C17871F003C6F50 /* HomeScreen.swift in Sources */,
				09A9FF212C9B42B1002507C9 /* PresetTimeCell.swift in Sources */,
				09402B7E2BFBC54800C943C1 /* RunningCategory.swift in Sources */,
				09E385EA2B13FCC4005CFF02 /* PreviewSampleData.swift in Sources */,
				094F26222BDC2B1200441A62 /* SettingsTab.swift in Sources */,
				0980A7EE2BB42DB1000848A1 /* UserDefault+PropertyWrapper.swift in Sources */,
			);
			runOnlyForDeploymentPostprocessing = 0;
		};
/* End PBXSourcesBuildPhase section */

/* Begin PBXTargetDependency section */
		093742902B7AAD7B008D96BD /* PBXTargetDependency */ = {
			isa = PBXTargetDependency;
			target = 093742832B7AAD7A008D96BD /* ShoeStatsWidgetExtension */;
			targetProxy = 0937428F2B7AAD7B008D96BD /* PBXContainerItemProxy */;
		};
/* End PBXTargetDependency section */

/* Begin XCBuildConfiguration section */
		093742932B7AAD7B008D96BD /* Debug */ = {
			isa = XCBuildConfiguration;
			buildSettings = {
				ASSETCATALOG_COMPILER_GLOBAL_ACCENT_COLOR_NAME = AccentColor;
				ASSETCATALOG_COMPILER_WIDGET_BACKGROUND_COLOR_NAME = WidgetBackground;
				CODE_SIGN_ENTITLEMENTS = ShoeStatsWidget/ShoeStatsWidgetExtension.entitlements;
				CODE_SIGN_STYLE = Automatic;
				CURRENT_PROJECT_VERSION = 1;
				DEVELOPMENT_TEAM = 878Q47ZQ84;
				GENERATE_INFOPLIST_FILE = YES;
				INFOPLIST_FILE = ShoeStatsWidget/Info.plist;
				INFOPLIST_KEY_CFBundleDisplayName = ShoeStatsWidget;
				INFOPLIST_KEY_NSHumanReadableCopyright = "";
				IPHONEOS_DEPLOYMENT_TARGET = 17.0;
				LD_RUNPATH_SEARCH_PATHS = (
					"$(inherited)",
					"@executable_path/Frameworks",
					"@executable_path/../../Frameworks",
				);
				MARKETING_VERSION = 1.4.2;
				PRODUCT_BUNDLE_IDENTIFIER = com.robertbasamac.ShoeHealth.ShoeStatsWidget;
				PRODUCT_NAME = "$(TARGET_NAME)";
				SKIP_INSTALL = YES;
				SUPPORTED_PLATFORMS = "iphoneos iphonesimulator";
				SUPPORTS_MACCATALYST = NO;
				SUPPORTS_MAC_DESIGNED_FOR_IPHONE_IPAD = NO;
				SUPPORTS_XR_DESIGNED_FOR_IPHONE_IPAD = NO;
				SWIFT_EMIT_LOC_STRINGS = YES;
				SWIFT_VERSION = 5.0;
				TARGETED_DEVICE_FAMILY = 1;
			};
			name = Debug;
		};
		093742942B7AAD7B008D96BD /* Release */ = {
			isa = XCBuildConfiguration;
			buildSettings = {
				ASSETCATALOG_COMPILER_GLOBAL_ACCENT_COLOR_NAME = AccentColor;
				ASSETCATALOG_COMPILER_WIDGET_BACKGROUND_COLOR_NAME = WidgetBackground;
				CODE_SIGN_ENTITLEMENTS = ShoeStatsWidget/ShoeStatsWidgetExtension.entitlements;
				CODE_SIGN_STYLE = Automatic;
				CURRENT_PROJECT_VERSION = 1;
				DEVELOPMENT_TEAM = 878Q47ZQ84;
				GENERATE_INFOPLIST_FILE = YES;
				INFOPLIST_FILE = ShoeStatsWidget/Info.plist;
				INFOPLIST_KEY_CFBundleDisplayName = ShoeStatsWidget;
				INFOPLIST_KEY_NSHumanReadableCopyright = "";
				IPHONEOS_DEPLOYMENT_TARGET = 17.0;
				LD_RUNPATH_SEARCH_PATHS = (
					"$(inherited)",
					"@executable_path/Frameworks",
					"@executable_path/../../Frameworks",
				);
				MARKETING_VERSION = 1.4.2;
				PRODUCT_BUNDLE_IDENTIFIER = com.robertbasamac.ShoeHealth.ShoeStatsWidget;
				PRODUCT_NAME = "$(TARGET_NAME)";
				SKIP_INSTALL = YES;
				SUPPORTED_PLATFORMS = "iphoneos iphonesimulator";
				SUPPORTS_MACCATALYST = NO;
				SUPPORTS_MAC_DESIGNED_FOR_IPHONE_IPAD = NO;
				SUPPORTS_XR_DESIGNED_FOR_IPHONE_IPAD = NO;
				SWIFT_EMIT_LOC_STRINGS = YES;
				SWIFT_VERSION = 5.0;
				TARGETED_DEVICE_FAMILY = 1;
			};
			name = Release;
		};
		09DE4A7B2B0D3F81001119E4 /* Debug */ = {
			isa = XCBuildConfiguration;
			buildSettings = {
				ALWAYS_SEARCH_USER_PATHS = NO;
				ASSETCATALOG_COMPILER_GENERATE_SWIFT_ASSET_SYMBOL_EXTENSIONS = YES;
				CLANG_ANALYZER_NONNULL = YES;
				CLANG_ANALYZER_NUMBER_OBJECT_CONVERSION = YES_AGGRESSIVE;
				CLANG_CXX_LANGUAGE_STANDARD = "gnu++20";
				CLANG_ENABLE_MODULES = YES;
				CLANG_ENABLE_OBJC_ARC = YES;
				CLANG_ENABLE_OBJC_WEAK = YES;
				CLANG_WARN_BLOCK_CAPTURE_AUTORELEASING = YES;
				CLANG_WARN_BOOL_CONVERSION = YES;
				CLANG_WARN_COMMA = YES;
				CLANG_WARN_CONSTANT_CONVERSION = YES;
				CLANG_WARN_DEPRECATED_OBJC_IMPLEMENTATIONS = YES;
				CLANG_WARN_DIRECT_OBJC_ISA_USAGE = YES_ERROR;
				CLANG_WARN_DOCUMENTATION_COMMENTS = YES;
				CLANG_WARN_EMPTY_BODY = YES;
				CLANG_WARN_ENUM_CONVERSION = YES;
				CLANG_WARN_INFINITE_RECURSION = YES;
				CLANG_WARN_INT_CONVERSION = YES;
				CLANG_WARN_NON_LITERAL_NULL_CONVERSION = YES;
				CLANG_WARN_OBJC_IMPLICIT_RETAIN_SELF = YES;
				CLANG_WARN_OBJC_LITERAL_CONVERSION = YES;
				CLANG_WARN_OBJC_ROOT_CLASS = YES_ERROR;
				CLANG_WARN_QUOTED_INCLUDE_IN_FRAMEWORK_HEADER = YES;
				CLANG_WARN_RANGE_LOOP_ANALYSIS = YES;
				CLANG_WARN_STRICT_PROTOTYPES = YES;
				CLANG_WARN_SUSPICIOUS_MOVE = YES;
				CLANG_WARN_UNGUARDED_AVAILABILITY = YES_AGGRESSIVE;
				CLANG_WARN_UNREACHABLE_CODE = YES;
				CLANG_WARN__DUPLICATE_METHOD_MATCH = YES;
				COPY_PHASE_STRIP = NO;
				DEBUG_INFORMATION_FORMAT = dwarf;
				ENABLE_STRICT_OBJC_MSGSEND = YES;
				ENABLE_TESTABILITY = YES;
				ENABLE_USER_SCRIPT_SANDBOXING = YES;
				GCC_C_LANGUAGE_STANDARD = gnu17;
				GCC_DYNAMIC_NO_PIC = NO;
				GCC_NO_COMMON_BLOCKS = YES;
				GCC_OPTIMIZATION_LEVEL = 0;
				GCC_PREPROCESSOR_DEFINITIONS = (
					"DEBUG=1",
					"$(inherited)",
				);
				GCC_WARN_64_TO_32_BIT_CONVERSION = YES;
				GCC_WARN_ABOUT_RETURN_TYPE = YES_ERROR;
				GCC_WARN_UNDECLARED_SELECTOR = YES;
				GCC_WARN_UNINITIALIZED_AUTOS = YES_AGGRESSIVE;
				GCC_WARN_UNUSED_FUNCTION = YES;
				GCC_WARN_UNUSED_VARIABLE = YES;
				IPHONEOS_DEPLOYMENT_TARGET = 17.0;
				LOCALIZATION_PREFERS_STRING_CATALOGS = YES;
				MTL_ENABLE_DEBUG_INFO = INCLUDE_SOURCE;
				MTL_FAST_MATH = YES;
				ONLY_ACTIVE_ARCH = YES;
				SDKROOT = iphoneos;
				SWIFT_ACTIVE_COMPILATION_CONDITIONS = "DEBUG $(inherited)";
				SWIFT_OPTIMIZATION_LEVEL = "-Onone";
				SWIFT_STRICT_CONCURRENCY = minimal;
				SWIFT_VERSION = 5.0;
			};
			name = Debug;
		};
		09DE4A7C2B0D3F81001119E4 /* Release */ = {
			isa = XCBuildConfiguration;
			buildSettings = {
				ALWAYS_SEARCH_USER_PATHS = NO;
				ASSETCATALOG_COMPILER_GENERATE_SWIFT_ASSET_SYMBOL_EXTENSIONS = YES;
				CLANG_ANALYZER_NONNULL = YES;
				CLANG_ANALYZER_NUMBER_OBJECT_CONVERSION = YES_AGGRESSIVE;
				CLANG_CXX_LANGUAGE_STANDARD = "gnu++20";
				CLANG_ENABLE_MODULES = YES;
				CLANG_ENABLE_OBJC_ARC = YES;
				CLANG_ENABLE_OBJC_WEAK = YES;
				CLANG_WARN_BLOCK_CAPTURE_AUTORELEASING = YES;
				CLANG_WARN_BOOL_CONVERSION = YES;
				CLANG_WARN_COMMA = YES;
				CLANG_WARN_CONSTANT_CONVERSION = YES;
				CLANG_WARN_DEPRECATED_OBJC_IMPLEMENTATIONS = YES;
				CLANG_WARN_DIRECT_OBJC_ISA_USAGE = YES_ERROR;
				CLANG_WARN_DOCUMENTATION_COMMENTS = YES;
				CLANG_WARN_EMPTY_BODY = YES;
				CLANG_WARN_ENUM_CONVERSION = YES;
				CLANG_WARN_INFINITE_RECURSION = YES;
				CLANG_WARN_INT_CONVERSION = YES;
				CLANG_WARN_NON_LITERAL_NULL_CONVERSION = YES;
				CLANG_WARN_OBJC_IMPLICIT_RETAIN_SELF = YES;
				CLANG_WARN_OBJC_LITERAL_CONVERSION = YES;
				CLANG_WARN_OBJC_ROOT_CLASS = YES_ERROR;
				CLANG_WARN_QUOTED_INCLUDE_IN_FRAMEWORK_HEADER = YES;
				CLANG_WARN_RANGE_LOOP_ANALYSIS = YES;
				CLANG_WARN_STRICT_PROTOTYPES = YES;
				CLANG_WARN_SUSPICIOUS_MOVE = YES;
				CLANG_WARN_UNGUARDED_AVAILABILITY = YES_AGGRESSIVE;
				CLANG_WARN_UNREACHABLE_CODE = YES;
				CLANG_WARN__DUPLICATE_METHOD_MATCH = YES;
				COPY_PHASE_STRIP = NO;
				DEBUG_INFORMATION_FORMAT = "dwarf-with-dsym";
				ENABLE_NS_ASSERTIONS = NO;
				ENABLE_STRICT_OBJC_MSGSEND = YES;
				ENABLE_USER_SCRIPT_SANDBOXING = YES;
				GCC_C_LANGUAGE_STANDARD = gnu17;
				GCC_NO_COMMON_BLOCKS = YES;
				GCC_WARN_64_TO_32_BIT_CONVERSION = YES;
				GCC_WARN_ABOUT_RETURN_TYPE = YES_ERROR;
				GCC_WARN_UNDECLARED_SELECTOR = YES;
				GCC_WARN_UNINITIALIZED_AUTOS = YES_AGGRESSIVE;
				GCC_WARN_UNUSED_FUNCTION = YES;
				GCC_WARN_UNUSED_VARIABLE = YES;
				IPHONEOS_DEPLOYMENT_TARGET = 17.0;
				LOCALIZATION_PREFERS_STRING_CATALOGS = YES;
				MTL_ENABLE_DEBUG_INFO = NO;
				MTL_FAST_MATH = YES;
				SDKROOT = iphoneos;
				SWIFT_COMPILATION_MODE = wholemodule;
				SWIFT_STRICT_CONCURRENCY = minimal;
				SWIFT_VERSION = 5.0;
				VALIDATE_PRODUCT = YES;
			};
			name = Release;
		};
		09DE4A7E2B0D3F81001119E4 /* Debug */ = {
			isa = XCBuildConfiguration;
			buildSettings = {
				ASSETCATALOG_COMPILER_APPICON_NAME = AppIcon;
				ASSETCATALOG_COMPILER_GLOBAL_ACCENT_COLOR_NAME = AccentColor;
				ASSETCATALOG_COMPILER_INCLUDE_ALL_APPICON_ASSETS = NO;
				CODE_SIGN_ENTITLEMENTS = ShoeHealth/ShoeHealth.entitlements;
				CODE_SIGN_STYLE = Automatic;
				CURRENT_PROJECT_VERSION = 1;
				DEVELOPMENT_ASSET_PATHS = "\"ShoeHealth/Preview Content\"";
				DEVELOPMENT_TEAM = 878Q47ZQ84;
				ENABLE_PREVIEWS = YES;
				GENERATE_INFOPLIST_FILE = YES;
				INFOPLIST_FILE = ShoeHealth/Info.plist;
				INFOPLIST_KEY_CFBundleDisplayName = "Shoe Health";
				INFOPLIST_KEY_LSApplicationCategoryType = "public.app-category.healthcare-fitness";
				INFOPLIST_KEY_NSHealthShareUsageDescription = "Shoe Health requires access to your running workouts data to efficiently track your running gear health. Access to walking + running distance is needed to enhance the experience by providing personalized insights and statistics.";
				INFOPLIST_KEY_NSHealthUpdateUsageDescription = "Shoe Health requires access to your running workouts data to efficiently track your running gear health. Access to walking + running distance is needed to enhance the experience by providing personalized insights and statistics.";
				INFOPLIST_KEY_UIApplicationSceneManifest_Generation = YES;
				INFOPLIST_KEY_UIApplicationSupportsIndirectInputEvents = YES;
				INFOPLIST_KEY_UILaunchScreen_Generation = YES;
				INFOPLIST_KEY_UILaunchStoryboardName = LaunchScreen.storyboard;
				INFOPLIST_KEY_UIStatusBarHidden = NO;
				INFOPLIST_KEY_UIStatusBarStyle = "";
				INFOPLIST_KEY_UISupportedInterfaceOrientations = UIInterfaceOrientationPortrait;
				INFOPLIST_KEY_UISupportedInterfaceOrientations_iPad = "UIInterfaceOrientationLandscapeLeft UIInterfaceOrientationLandscapeRight UIInterfaceOrientationPortrait UIInterfaceOrientationPortraitUpsideDown";
				IPHONEOS_DEPLOYMENT_TARGET = 17.0;
				LD_RUNPATH_SEARCH_PATHS = (
					"$(inherited)",
					"@executable_path/Frameworks",
				);
				MARKETING_VERSION = 1.4.2;
				PRODUCT_BUNDLE_IDENTIFIER = com.robertbasamac.ShoeHealth;
				PRODUCT_NAME = "$(TARGET_NAME)";
				SUPPORTED_PLATFORMS = "iphoneos iphonesimulator";
				SUPPORTS_MACCATALYST = NO;
				SUPPORTS_MAC_DESIGNED_FOR_IPHONE_IPAD = NO;
				SUPPORTS_XR_DESIGNED_FOR_IPHONE_IPAD = NO;
				SWIFT_EMIT_LOC_STRINGS = YES;
				SWIFT_STRICT_CONCURRENCY = minimal;
				SWIFT_VERSION = 5.0;
				TARGETED_DEVICE_FAMILY = 1;
			};
			name = Debug;
		};
		09DE4A7F2B0D3F81001119E4 /* Release */ = {
			isa = XCBuildConfiguration;
			buildSettings = {
				ASSETCATALOG_COMPILER_APPICON_NAME = AppIcon;
				ASSETCATALOG_COMPILER_GLOBAL_ACCENT_COLOR_NAME = AccentColor;
				ASSETCATALOG_COMPILER_INCLUDE_ALL_APPICON_ASSETS = NO;
				CODE_SIGN_ENTITLEMENTS = ShoeHealth/ShoeHealth.entitlements;
				CODE_SIGN_STYLE = Automatic;
				CURRENT_PROJECT_VERSION = 1;
				DEVELOPMENT_ASSET_PATHS = "\"ShoeHealth/Preview Content\"";
				DEVELOPMENT_TEAM = 878Q47ZQ84;
				ENABLE_PREVIEWS = YES;
				GENERATE_INFOPLIST_FILE = YES;
				INFOPLIST_FILE = ShoeHealth/Info.plist;
				INFOPLIST_KEY_CFBundleDisplayName = "Shoe Health";
				INFOPLIST_KEY_LSApplicationCategoryType = "public.app-category.healthcare-fitness";
				INFOPLIST_KEY_NSHealthShareUsageDescription = "Shoe Health requires access to your running workouts data to efficiently track your running gear health. Access to walking + running distance is needed to enhance the experience by providing personalized insights and statistics.";
				INFOPLIST_KEY_NSHealthUpdateUsageDescription = "Shoe Health requires access to your running workouts data to efficiently track your running gear health. Access to walking + running distance is needed to enhance the experience by providing personalized insights and statistics.";
				INFOPLIST_KEY_UIApplicationSceneManifest_Generation = YES;
				INFOPLIST_KEY_UIApplicationSupportsIndirectInputEvents = YES;
				INFOPLIST_KEY_UILaunchScreen_Generation = YES;
				INFOPLIST_KEY_UILaunchStoryboardName = LaunchScreen.storyboard;
				INFOPLIST_KEY_UIStatusBarHidden = NO;
				INFOPLIST_KEY_UIStatusBarStyle = "";
				INFOPLIST_KEY_UISupportedInterfaceOrientations = UIInterfaceOrientationPortrait;
				INFOPLIST_KEY_UISupportedInterfaceOrientations_iPad = "UIInterfaceOrientationLandscapeLeft UIInterfaceOrientationLandscapeRight UIInterfaceOrientationPortrait UIInterfaceOrientationPortraitUpsideDown";
				IPHONEOS_DEPLOYMENT_TARGET = 17.0;
				LD_RUNPATH_SEARCH_PATHS = (
					"$(inherited)",
					"@executable_path/Frameworks",
				);
				MARKETING_VERSION = 1.4.2;
				PRODUCT_BUNDLE_IDENTIFIER = com.robertbasamac.ShoeHealth;
				PRODUCT_NAME = "$(TARGET_NAME)";
				SUPPORTED_PLATFORMS = "iphoneos iphonesimulator";
				SUPPORTS_MACCATALYST = NO;
				SUPPORTS_MAC_DESIGNED_FOR_IPHONE_IPAD = NO;
				SUPPORTS_XR_DESIGNED_FOR_IPHONE_IPAD = NO;
				SWIFT_EMIT_LOC_STRINGS = YES;
				SWIFT_STRICT_CONCURRENCY = minimal;
				SWIFT_VERSION = 5.0;
				TARGETED_DEVICE_FAMILY = 1;
			};
			name = Release;
		};
/* End XCBuildConfiguration section */

/* Begin XCConfigurationList section */
		093742922B7AAD7B008D96BD /* Build configuration list for PBXNativeTarget "ShoeStatsWidgetExtension" */ = {
			isa = XCConfigurationList;
			buildConfigurations = (
				093742932B7AAD7B008D96BD /* Debug */,
				093742942B7AAD7B008D96BD /* Release */,
			);
			defaultConfigurationIsVisible = 0;
			defaultConfigurationName = Release;
		};
		09DE4A6A2B0D3F7F001119E4 /* Build configuration list for PBXProject "ShoeHealth" */ = {
			isa = XCConfigurationList;
			buildConfigurations = (
				09DE4A7B2B0D3F81001119E4 /* Debug */,
				09DE4A7C2B0D3F81001119E4 /* Release */,
			);
			defaultConfigurationIsVisible = 0;
			defaultConfigurationName = Release;
		};
		09DE4A7D2B0D3F81001119E4 /* Build configuration list for PBXNativeTarget "ShoeHealth" */ = {
			isa = XCConfigurationList;
			buildConfigurations = (
				09DE4A7E2B0D3F81001119E4 /* Debug */,
				09DE4A7F2B0D3F81001119E4 /* Release */,
			);
			defaultConfigurationIsVisible = 0;
			defaultConfigurationName = Release;
		};
/* End XCConfigurationList section */
	};
	rootObject = 09DE4A672B0D3F7F001119E4 /* Project object */;
}
