// !$*UTF8*$!
{
	archiveVersion = 1;
	classes = {
	};
	objectVersion = 56;
	objects = {

/* Begin PBXBuildFile section */
		0907F25E2B1C965E00EB682A /* AppDelegate.swift in Sources */ = {isa = PBXBuildFile; fileRef = 0907F25D2B1C965E00EB682A /* AppDelegate.swift */; };
		0907F2612B1E206700EB682A /* NotificationManager.swift in Sources */ = {isa = PBXBuildFile; fileRef = 0907F2602B1E206700EB682A /* NotificationManager.swift */; };
		0956815B2B46E207005E5FE6 /* NavigationRouter.swift in Sources */ = {isa = PBXBuildFile; fileRef = 0956815A2B46E207005E5FE6 /* NavigationRouter.swift */; };
		0956EE392B4C057D0029445E /* Tab.swift in Sources */ = {isa = PBXBuildFile; fileRef = 0956EE382B4C057D0029445E /* Tab.swift */; };
		096D36A42B20B1C900C78453 /* Formatters.swift in Sources */ = {isa = PBXBuildFile; fileRef = 096D36A32B20B1C900C78453 /* Formatters.swift */; };
		0975440C2B28769A00B379E2 /* ShoesViewModel.swift in Sources */ = {isa = PBXBuildFile; fileRef = 0975440B2B28769A00B379E2 /* ShoesViewModel.swift */; };
		09DE4A732B0D3F7F001119E4 /* ShoeHealthApp.swift in Sources */ = {isa = PBXBuildFile; fileRef = 09DE4A722B0D3F7F001119E4 /* ShoeHealthApp.swift */; };
		09DE4A752B0D3F7F001119E4 /* ContentView.swift in Sources */ = {isa = PBXBuildFile; fileRef = 09DE4A742B0D3F7F001119E4 /* ContentView.swift */; };
		09DE4A772B0D3F81001119E4 /* Assets.xcassets in Resources */ = {isa = PBXBuildFile; fileRef = 09DE4A762B0D3F81001119E4 /* Assets.xcassets */; };
		09DE4A7A2B0D3F81001119E4 /* Preview Assets.xcassets in Resources */ = {isa = PBXBuildFile; fileRef = 09DE4A792B0D3F81001119E4 /* Preview Assets.xcassets */; };
		09DE4A822B0D4CD8001119E4 /* HealthKitManager.swift in Sources */ = {isa = PBXBuildFile; fileRef = 09DE4A812B0D4CD8001119E4 /* HealthKitManager.swift */; };
		09E2F34B2B15130900D16101 /* WorkoutListItem.swift in Sources */ = {isa = PBXBuildFile; fileRef = 09E2F34A2B15130900D16101 /* WorkoutListItem.swift */; };
		09E2F34D2B15175800D16101 /* ShoeSelectionView.swift in Sources */ = {isa = PBXBuildFile; fileRef = 09E2F34C2B15175800D16101 /* ShoeSelectionView.swift */; };
		09E2F34F2B151DD800D16101 /* HKWorkout+Identifiable.swift in Sources */ = {isa = PBXBuildFile; fileRef = 09E2F34E2B151DD800D16101 /* HKWorkout+Identifiable.swift */; };
		09E2F3512B1668D700D16101 /* ShoeListItem.swift in Sources */ = {isa = PBXBuildFile; fileRef = 09E2F3502B1668D700D16101 /* ShoeListItem.swift */; };
		09E2F3532B1746E500D16101 /* ShoeDetailedView.swift in Sources */ = {isa = PBXBuildFile; fileRef = 09E2F3522B1746E500D16101 /* ShoeDetailedView.swift */; };
		09E385D82B1256B9005CFF02 /* HKWorkout+Statistics.swift in Sources */ = {isa = PBXBuildFile; fileRef = 09E385D72B1256B9005CFF02 /* HKWorkout+Statistics.swift */; };
		09E385DB2B1340E3005CFF02 /* Shoe.swift in Sources */ = {isa = PBXBuildFile; fileRef = 09E385DA2B1340E3005CFF02 /* Shoe.swift */; };
		09E385E02B13457E005CFF02 /* WorkoutsTab.swift in Sources */ = {isa = PBXBuildFile; fileRef = 09E385DF2B13457E005CFF02 /* WorkoutsTab.swift */; };
		09E385E32B1345D7005CFF02 /* ShoesTab.swift in Sources */ = {isa = PBXBuildFile; fileRef = 09E385E22B1345D7005CFF02 /* ShoesTab.swift */; };
		09E385E52B134B08005CFF02 /* AddShoeView.swift in Sources */ = {isa = PBXBuildFile; fileRef = 09E385E42B134B08005CFF02 /* AddShoeView.swift */; };
		09E385EA2B13FCC4005CFF02 /* PreviewSampleData.swift in Sources */ = {isa = PBXBuildFile; fileRef = 09E385E92B13FCC4005CFF02 /* PreviewSampleData.swift */; };
		09E385EC2B13FD0D005CFF02 /* ModelContainerPreview.swift in Sources */ = {isa = PBXBuildFile; fileRef = 09E385EB2B13FD0D005CFF02 /* ModelContainerPreview.swift */; };
		09E7EAB02B3AE5F400BFAC16 /* TopRoundedRectangle.swift in Sources */ = {isa = PBXBuildFile; fileRef = 09E7EAAF2B3AE5F400BFAC16 /* TopRoundedRectangle.swift */; };
		09E7EAB42B3B267000BFAC16 /* CarouselSlider.swift in Sources */ = {isa = PBXBuildFile; fileRef = 09E7EAB32B3B267000BFAC16 /* CarouselSlider.swift */; };
		09E7EAB62B3B280500BFAC16 /* ShoeDetailCarouselView.swift in Sources */ = {isa = PBXBuildFile; fileRef = 09E7EAB52B3B280500BFAC16 /* ShoeDetailCarouselView.swift */; };
/* End PBXBuildFile section */

/* Begin PBXFileReference section */
		0907F25D2B1C965E00EB682A /* AppDelegate.swift */ = {isa = PBXFileReference; lastKnownFileType = sourcecode.swift; path = AppDelegate.swift; sourceTree = "<group>"; };
		0907F2602B1E206700EB682A /* NotificationManager.swift */ = {isa = PBXFileReference; lastKnownFileType = sourcecode.swift; path = NotificationManager.swift; sourceTree = "<group>"; };
		0956815A2B46E207005E5FE6 /* NavigationRouter.swift */ = {isa = PBXFileReference; lastKnownFileType = sourcecode.swift; path = NavigationRouter.swift; sourceTree = "<group>"; };
		0956EE382B4C057D0029445E /* Tab.swift */ = {isa = PBXFileReference; lastKnownFileType = sourcecode.swift; path = Tab.swift; sourceTree = "<group>"; };
		096D36A32B20B1C900C78453 /* Formatters.swift */ = {isa = PBXFileReference; lastKnownFileType = sourcecode.swift; path = Formatters.swift; sourceTree = "<group>"; };
		0975440B2B28769A00B379E2 /* ShoesViewModel.swift */ = {isa = PBXFileReference; lastKnownFileType = sourcecode.swift; path = ShoesViewModel.swift; sourceTree = "<group>"; };
		09DE4A6F2B0D3F7F001119E4 /* ShoeHealth.app */ = {isa = PBXFileReference; explicitFileType = wrapper.application; includeInIndex = 0; path = ShoeHealth.app; sourceTree = BUILT_PRODUCTS_DIR; };
		09DE4A722B0D3F7F001119E4 /* ShoeHealthApp.swift */ = {isa = PBXFileReference; lastKnownFileType = sourcecode.swift; path = ShoeHealthApp.swift; sourceTree = "<group>"; };
		09DE4A742B0D3F7F001119E4 /* ContentView.swift */ = {isa = PBXFileReference; lastKnownFileType = sourcecode.swift; path = ContentView.swift; sourceTree = "<group>"; };
		09DE4A762B0D3F81001119E4 /* Assets.xcassets */ = {isa = PBXFileReference; lastKnownFileType = folder.assetcatalog; path = Assets.xcassets; sourceTree = "<group>"; };
		09DE4A792B0D3F81001119E4 /* Preview Assets.xcassets */ = {isa = PBXFileReference; lastKnownFileType = folder.assetcatalog; path = "Preview Assets.xcassets"; sourceTree = "<group>"; };
		09DE4A802B0D43AC001119E4 /* ShoeHealth.entitlements */ = {isa = PBXFileReference; lastKnownFileType = text.plist.entitlements; path = ShoeHealth.entitlements; sourceTree = "<group>"; };
		09DE4A812B0D4CD8001119E4 /* HealthKitManager.swift */ = {isa = PBXFileReference; lastKnownFileType = sourcecode.swift; path = HealthKitManager.swift; sourceTree = "<group>"; };
		09E2F34A2B15130900D16101 /* WorkoutListItem.swift */ = {isa = PBXFileReference; lastKnownFileType = sourcecode.swift; path = WorkoutListItem.swift; sourceTree = "<group>"; };
		09E2F34C2B15175800D16101 /* ShoeSelectionView.swift */ = {isa = PBXFileReference; lastKnownFileType = sourcecode.swift; path = ShoeSelectionView.swift; sourceTree = "<group>"; };
		09E2F34E2B151DD800D16101 /* HKWorkout+Identifiable.swift */ = {isa = PBXFileReference; lastKnownFileType = sourcecode.swift; path = "HKWorkout+Identifiable.swift"; sourceTree = "<group>"; };
		09E2F3502B1668D700D16101 /* ShoeListItem.swift */ = {isa = PBXFileReference; lastKnownFileType = sourcecode.swift; path = ShoeListItem.swift; sourceTree = "<group>"; };
		09E2F3522B1746E500D16101 /* ShoeDetailedView.swift */ = {isa = PBXFileReference; lastKnownFileType = sourcecode.swift; path = ShoeDetailedView.swift; sourceTree = "<group>"; };
		09E385D72B1256B9005CFF02 /* HKWorkout+Statistics.swift */ = {isa = PBXFileReference; lastKnownFileType = sourcecode.swift; path = "HKWorkout+Statistics.swift"; sourceTree = "<group>"; };
		09E385DA2B1340E3005CFF02 /* Shoe.swift */ = {isa = PBXFileReference; lastKnownFileType = sourcecode.swift; path = Shoe.swift; sourceTree = "<group>"; };
		09E385DF2B13457E005CFF02 /* WorkoutsTab.swift */ = {isa = PBXFileReference; lastKnownFileType = sourcecode.swift; path = WorkoutsTab.swift; sourceTree = "<group>"; };
		09E385E22B1345D7005CFF02 /* ShoesTab.swift */ = {isa = PBXFileReference; lastKnownFileType = sourcecode.swift; path = ShoesTab.swift; sourceTree = "<group>"; };
		09E385E42B134B08005CFF02 /* AddShoeView.swift */ = {isa = PBXFileReference; lastKnownFileType = sourcecode.swift; path = AddShoeView.swift; sourceTree = "<group>"; };
		09E385E92B13FCC4005CFF02 /* PreviewSampleData.swift */ = {isa = PBXFileReference; lastKnownFileType = sourcecode.swift; path = PreviewSampleData.swift; sourceTree = "<group>"; };
		09E385EB2B13FD0D005CFF02 /* ModelContainerPreview.swift */ = {isa = PBXFileReference; lastKnownFileType = sourcecode.swift; path = ModelContainerPreview.swift; sourceTree = "<group>"; };
		09E7EAAF2B3AE5F400BFAC16 /* TopRoundedRectangle.swift */ = {isa = PBXFileReference; lastKnownFileType = sourcecode.swift; path = TopRoundedRectangle.swift; sourceTree = "<group>"; };
		09E7EAB32B3B267000BFAC16 /* CarouselSlider.swift */ = {isa = PBXFileReference; lastKnownFileType = sourcecode.swift; path = CarouselSlider.swift; sourceTree = "<group>"; };
		09E7EAB52B3B280500BFAC16 /* ShoeDetailCarouselView.swift */ = {isa = PBXFileReference; lastKnownFileType = sourcecode.swift; path = ShoeDetailCarouselView.swift; sourceTree = "<group>"; };
/* End PBXFileReference section */

/* Begin PBXFrameworksBuildPhase section */
		09DE4A6C2B0D3F7F001119E4 /* Frameworks */ = {
			isa = PBXFrameworksBuildPhase;
			buildActionMask = 2147483647;
			files = (
			);
			runOnlyForDeploymentPostprocessing = 0;
		};
/* End PBXFrameworksBuildPhase section */

/* Begin PBXGroup section */
		0907F25C2B1C964B00EB682A /* App */ = {
			isa = PBXGroup;
			children = (
				0907F25D2B1C965E00EB682A /* AppDelegate.swift */,
				09DE4A722B0D3F7F001119E4 /* ShoeHealthApp.swift */,
			);
			path = App;
			sourceTree = "<group>";
		};
		0907F25F2B1E205300EB682A /* Utilities */ = {
			isa = PBXGroup;
			children = (
				0907F2602B1E206700EB682A /* NotificationManager.swift */,
				09E7EAB22B3B265B00BFAC16 /* Helpers */,
			);
			path = Utilities;
			sourceTree = "<group>";
		};
		0956EE3A2B4C06F70029445E /* NavigationStack */ = {
			isa = PBXGroup;
			children = (
				0956EE382B4C057D0029445E /* Tab.swift */,
			);
			path = NavigationStack;
			sourceTree = "<group>";
		};
		09BD131B2B40923B00DFA6B1 /* Components */ = {
			isa = PBXGroup;
			children = (
				09E7EAB32B3B267000BFAC16 /* CarouselSlider.swift */,
			);
			path = Components;
			sourceTree = "<group>";
		};
		09DE4A662B0D3F7F001119E4 = {
			isa = PBXGroup;
			children = (
				09DE4A712B0D3F7F001119E4 /* ShoeHealth */,
				09DE4A702B0D3F7F001119E4 /* Products */,
			);
			sourceTree = "<group>";
		};
		09DE4A702B0D3F7F001119E4 /* Products */ = {
			isa = PBXGroup;
			children = (
				09DE4A6F2B0D3F7F001119E4 /* ShoeHealth.app */,
			);
			name = Products;
			sourceTree = "<group>";
		};
		09DE4A712B0D3F7F001119E4 /* ShoeHealth */ = {
			isa = PBXGroup;
			children = (
				0907F25C2B1C964B00EB682A /* App */,
				0907F25F2B1E205300EB682A /* Utilities */,
				09E385DC2B1340E7005CFF02 /* Model */,
				09E385DD2B1340FA005CFF02 /* Views */,
				09E385DE2B1344D7005CFF02 /* ViewModels */,
				09E385D92B1258F1005CFF02 /* Extensions */,
				09E385E82B13FCAF005CFF02 /* PreviewSample */,
				09DE4A782B0D3F81001119E4 /* Preview Content */,
				09DE4A802B0D43AC001119E4 /* ShoeHealth.entitlements */,
				09DE4A762B0D3F81001119E4 /* Assets.xcassets */,
			);
			path = ShoeHealth;
			sourceTree = "<group>";
		};
		09DE4A782B0D3F81001119E4 /* Preview Content */ = {
			isa = PBXGroup;
			children = (
				09DE4A792B0D3F81001119E4 /* Preview Assets.xcassets */,
			);
			path = "Preview Content";
			sourceTree = "<group>";
		};
		09E385D92B1258F1005CFF02 /* Extensions */ = {
			isa = PBXGroup;
			children = (
				09E7EAB12B3AE67900BFAC16 /* HKWorkout */,
				09E7EAAE2B3AE5DF00BFAC16 /* Shape */,
			);
			path = Extensions;
			sourceTree = "<group>";
		};
		09E385DC2B1340E7005CFF02 /* Model */ = {
			isa = PBXGroup;
			children = (
				09E385DA2B1340E3005CFF02 /* Shoe.swift */,
				0956EE3A2B4C06F70029445E /* NavigationStack */,
			);
			path = Model;
			sourceTree = "<group>";
		};
		09E385DD2B1340FA005CFF02 /* Views */ = {
			isa = PBXGroup;
			children = (
				09DE4A742B0D3F7F001119E4 /* ContentView.swift */,
				09E385E72B13FAE5005CFF02 /* ShoesTab */,
				09E385E62B13FAD8005CFF02 /* WorkoutsTab */,
				09BD131B2B40923B00DFA6B1 /* Components */,
			);
			path = Views;
			sourceTree = "<group>";
		};
		09E385DE2B1344D7005CFF02 /* ViewModels */ = {
			isa = PBXGroup;
			children = (
				0956815A2B46E207005E5FE6 /* NavigationRouter.swift */,
				09DE4A812B0D4CD8001119E4 /* HealthKitManager.swift */,
				0975440B2B28769A00B379E2 /* ShoesViewModel.swift */,
			);
			path = ViewModels;
			sourceTree = "<group>";
		};
		09E385E62B13FAD8005CFF02 /* WorkoutsTab */ = {
			isa = PBXGroup;
			children = (
				09E385DF2B13457E005CFF02 /* WorkoutsTab.swift */,
				09E2F34A2B15130900D16101 /* WorkoutListItem.swift */,
				09E2F34C2B15175800D16101 /* ShoeSelectionView.swift */,
			);
			path = WorkoutsTab;
			sourceTree = "<group>";
		};
		09E385E72B13FAE5005CFF02 /* ShoesTab */ = {
			isa = PBXGroup;
			children = (
				09E385E22B1345D7005CFF02 /* ShoesTab.swift */,
				09E2F3502B1668D700D16101 /* ShoeListItem.swift */,
				09E385E42B134B08005CFF02 /* AddShoeView.swift */,
				09E2F3522B1746E500D16101 /* ShoeDetailedView.swift */,
				09E7EAB52B3B280500BFAC16 /* ShoeDetailCarouselView.swift */,
			);
			path = ShoesTab;
			sourceTree = "<group>";
		};
		09E385E82B13FCAF005CFF02 /* PreviewSample */ = {
			isa = PBXGroup;
			children = (
				09E385E92B13FCC4005CFF02 /* PreviewSampleData.swift */,
				09E385EB2B13FD0D005CFF02 /* ModelContainerPreview.swift */,
			);
			path = PreviewSample;
			sourceTree = "<group>";
		};
		09E7EAAE2B3AE5DF00BFAC16 /* Shape */ = {
			isa = PBXGroup;
			children = (
				09E7EAAF2B3AE5F400BFAC16 /* TopRoundedRectangle.swift */,
			);
			path = Shape;
			sourceTree = "<group>";
		};
		09E7EAB12B3AE67900BFAC16 /* HKWorkout */ = {
			isa = PBXGroup;
			children = (
				09E385D72B1256B9005CFF02 /* HKWorkout+Statistics.swift */,
				09E2F34E2B151DD800D16101 /* HKWorkout+Identifiable.swift */,
			);
			path = HKWorkout;
			sourceTree = "<group>";
		};
		09E7EAB22B3B265B00BFAC16 /* Helpers */ = {
			isa = PBXGroup;
			children = (
				096D36A32B20B1C900C78453 /* Formatters.swift */,
			);
			path = Helpers;
			sourceTree = "<group>";
		};
/* End PBXGroup section */

/* Begin PBXNativeTarget section */
		09DE4A6E2B0D3F7F001119E4 /* ShoeHealth */ = {
			isa = PBXNativeTarget;
			buildConfigurationList = 09DE4A7D2B0D3F81001119E4 /* Build configuration list for PBXNativeTarget "ShoeHealth" */;
			buildPhases = (
				09DE4A6B2B0D3F7F001119E4 /* Sources */,
				09DE4A6C2B0D3F7F001119E4 /* Frameworks */,
				09DE4A6D2B0D3F7F001119E4 /* Resources */,
			);
			buildRules = (
			);
			dependencies = (
			);
			name = ShoeHealth;
			productName = ShoeHealth;
			productReference = 09DE4A6F2B0D3F7F001119E4 /* ShoeHealth.app */;
			productType = "com.apple.product-type.application";
		};
/* End PBXNativeTarget section */

/* Begin PBXProject section */
		09DE4A672B0D3F7F001119E4 /* Project object */ = {
			isa = PBXProject;
			attributes = {
				BuildIndependentTargetsInParallel = 1;
				LastSwiftUpdateCheck = 1500;
				LastUpgradeCheck = 1500;
				TargetAttributes = {
					09DE4A6E2B0D3F7F001119E4 = {
						CreatedOnToolsVersion = 15.0.1;
					};
				};
			};
			buildConfigurationList = 09DE4A6A2B0D3F7F001119E4 /* Build configuration list for PBXProject "ShoeHealth" */;
			compatibilityVersion = "Xcode 14.0";
			developmentRegion = en;
			hasScannedForEncodings = 0;
			knownRegions = (
				en,
				Base,
			);
			mainGroup = 09DE4A662B0D3F7F001119E4;
			productRefGroup = 09DE4A702B0D3F7F001119E4 /* Products */;
			projectDirPath = "";
			projectRoot = "";
			targets = (
				09DE4A6E2B0D3F7F001119E4 /* ShoeHealth */,
			);
		};
/* End PBXProject section */

/* Begin PBXResourcesBuildPhase section */
		09DE4A6D2B0D3F7F001119E4 /* Resources */ = {
			isa = PBXResourcesBuildPhase;
			buildActionMask = 2147483647;
			files = (
				09DE4A7A2B0D3F81001119E4 /* Preview Assets.xcassets in Resources */,
				09DE4A772B0D3F81001119E4 /* Assets.xcassets in Resources */,
			);
			runOnlyForDeploymentPostprocessing = 0;
		};
/* End PBXResourcesBuildPhase section */

/* Begin PBXSourcesBuildPhase section */
		09DE4A6B2B0D3F7F001119E4 /* Sources */ = {
			isa = PBXSourcesBuildPhase;
			buildActionMask = 2147483647;
			files = (
				09E2F34B2B15130900D16101 /* WorkoutListItem.swift in Sources */,
				0975440C2B28769A00B379E2 /* ShoesViewModel.swift in Sources */,
				0956815B2B46E207005E5FE6 /* NavigationRouter.swift in Sources */,
				0956EE392B4C057D0029445E /* Tab.swift in Sources */,
				09DE4A752B0D3F7F001119E4 /* ContentView.swift in Sources */,
				09E2F3532B1746E500D16101 /* ShoeDetailedView.swift in Sources */,
				09E385E32B1345D7005CFF02 /* ShoesTab.swift in Sources */,
				09E7EAB62B3B280500BFAC16 /* ShoeDetailCarouselView.swift in Sources */,
				09E385E02B13457E005CFF02 /* WorkoutsTab.swift in Sources */,
				09E2F34F2B151DD800D16101 /* HKWorkout+Identifiable.swift in Sources */,
				09E385D82B1256B9005CFF02 /* HKWorkout+Statistics.swift in Sources */,
				09E7EAB42B3B267000BFAC16 /* CarouselSlider.swift in Sources */,
				09DE4A732B0D3F7F001119E4 /* ShoeHealthApp.swift in Sources */,
				09E385DB2B1340E3005CFF02 /* Shoe.swift in Sources */,
				09DE4A822B0D4CD8001119E4 /* HealthKitManager.swift in Sources */,
				09E385E52B134B08005CFF02 /* AddShoeView.swift in Sources */,
				0907F2612B1E206700EB682A /* NotificationManager.swift in Sources */,
				096D36A42B20B1C900C78453 /* Formatters.swift in Sources */,
				09E385EC2B13FD0D005CFF02 /* ModelContainerPreview.swift in Sources */,
				09E2F3512B1668D700D16101 /* ShoeListItem.swift in Sources */,
				09E2F34D2B15175800D16101 /* ShoeSelectionView.swift in Sources */,
				09E7EAB02B3AE5F400BFAC16 /* TopRoundedRectangle.swift in Sources */,
				0907F25E2B1C965E00EB682A /* AppDelegate.swift in Sources */,
				09E385EA2B13FCC4005CFF02 /* PreviewSampleData.swift in Sources */,
			);
			runOnlyForDeploymentPostprocessing = 0;
		};
/* End PBXSourcesBuildPhase section */

/* Begin XCBuildConfiguration section */
		09DE4A7B2B0D3F81001119E4 /* Debug */ = {
			isa = XCBuildConfiguration;
			buildSettings = {
				ALWAYS_SEARCH_USER_PATHS = NO;
				ASSETCATALOG_COMPILER_GENERATE_SWIFT_ASSET_SYMBOL_EXTENSIONS = YES;
				CLANG_ANALYZER_NONNULL = YES;
				CLANG_ANALYZER_NUMBER_OBJECT_CONVERSION = YES_AGGRESSIVE;
				CLANG_CXX_LANGUAGE_STANDARD = "gnu++20";
				CLANG_ENABLE_MODULES = YES;
				CLANG_ENABLE_OBJC_ARC = YES;
				CLANG_ENABLE_OBJC_WEAK = YES;
				CLANG_WARN_BLOCK_CAPTURE_AUTORELEASING = YES;
				CLANG_WARN_BOOL_CONVERSION = YES;
				CLANG_WARN_COMMA = YES;
				CLANG_WARN_CONSTANT_CONVERSION = YES;
				CLANG_WARN_DEPRECATED_OBJC_IMPLEMENTATIONS = YES;
				CLANG_WARN_DIRECT_OBJC_ISA_USAGE = YES_ERROR;
				CLANG_WARN_DOCUMENTATION_COMMENTS = YES;
				CLANG_WARN_EMPTY_BODY = YES;
				CLANG_WARN_ENUM_CONVERSION = YES;
				CLANG_WARN_INFINITE_RECURSION = YES;
				CLANG_WARN_INT_CONVERSION = YES;
				CLANG_WARN_NON_LITERAL_NULL_CONVERSION = YES;
				CLANG_WARN_OBJC_IMPLICIT_RETAIN_SELF = YES;
				CLANG_WARN_OBJC_LITERAL_CONVERSION = YES;
				CLANG_WARN_OBJC_ROOT_CLASS = YES_ERROR;
				CLANG_WARN_QUOTED_INCLUDE_IN_FRAMEWORK_HEADER = YES;
				CLANG_WARN_RANGE_LOOP_ANALYSIS = YES;
				CLANG_WARN_STRICT_PROTOTYPES = YES;
				CLANG_WARN_SUSPICIOUS_MOVE = YES;
				CLANG_WARN_UNGUARDED_AVAILABILITY = YES_AGGRESSIVE;
				CLANG_WARN_UNREACHABLE_CODE = YES;
				CLANG_WARN__DUPLICATE_METHOD_MATCH = YES;
				COPY_PHASE_STRIP = NO;
				DEBUG_INFORMATION_FORMAT = dwarf;
				ENABLE_STRICT_OBJC_MSGSEND = YES;
				ENABLE_TESTABILITY = YES;
				ENABLE_USER_SCRIPT_SANDBOXING = YES;
				GCC_C_LANGUAGE_STANDARD = gnu17;
				GCC_DYNAMIC_NO_PIC = NO;
				GCC_NO_COMMON_BLOCKS = YES;
				GCC_OPTIMIZATION_LEVEL = 0;
				GCC_PREPROCESSOR_DEFINITIONS = (
					"DEBUG=1",
					"$(inherited)",
				);
				GCC_WARN_64_TO_32_BIT_CONVERSION = YES;
				GCC_WARN_ABOUT_RETURN_TYPE = YES_ERROR;
				GCC_WARN_UNDECLARED_SELECTOR = YES;
				GCC_WARN_UNINITIALIZED_AUTOS = YES_AGGRESSIVE;
				GCC_WARN_UNUSED_FUNCTION = YES;
				GCC_WARN_UNUSED_VARIABLE = YES;
				IPHONEOS_DEPLOYMENT_TARGET = 17.0;
				LOCALIZATION_PREFERS_STRING_CATALOGS = YES;
				MTL_ENABLE_DEBUG_INFO = INCLUDE_SOURCE;
				MTL_FAST_MATH = YES;
				ONLY_ACTIVE_ARCH = YES;
				SDKROOT = iphoneos;
				SWIFT_ACTIVE_COMPILATION_CONDITIONS = "DEBUG $(inherited)";
				SWIFT_OPTIMIZATION_LEVEL = "-Onone";
			};
			name = Debug;
		};
		09DE4A7C2B0D3F81001119E4 /* Release */ = {
			isa = XCBuildConfiguration;
			buildSettings = {
				ALWAYS_SEARCH_USER_PATHS = NO;
				ASSETCATALOG_COMPILER_GENERATE_SWIFT_ASSET_SYMBOL_EXTENSIONS = YES;
				CLANG_ANALYZER_NONNULL = YES;
				CLANG_ANALYZER_NUMBER_OBJECT_CONVERSION = YES_AGGRESSIVE;
				CLANG_CXX_LANGUAGE_STANDARD = "gnu++20";
				CLANG_ENABLE_MODULES = YES;
				CLANG_ENABLE_OBJC_ARC = YES;
				CLANG_ENABLE_OBJC_WEAK = YES;
				CLANG_WARN_BLOCK_CAPTURE_AUTORELEASING = YES;
				CLANG_WARN_BOOL_CONVERSION = YES;
				CLANG_WARN_COMMA = YES;
				CLANG_WARN_CONSTANT_CONVERSION = YES;
				CLANG_WARN_DEPRECATED_OBJC_IMPLEMENTATIONS = YES;
				CLANG_WARN_DIRECT_OBJC_ISA_USAGE = YES_ERROR;
				CLANG_WARN_DOCUMENTATION_COMMENTS = YES;
				CLANG_WARN_EMPTY_BODY = YES;
				CLANG_WARN_ENUM_CONVERSION = YES;
				CLANG_WARN_INFINITE_RECURSION = YES;
				CLANG_WARN_INT_CONVERSION = YES;
				CLANG_WARN_NON_LITERAL_NULL_CONVERSION = YES;
				CLANG_WARN_OBJC_IMPLICIT_RETAIN_SELF = YES;
				CLANG_WARN_OBJC_LITERAL_CONVERSION = YES;
				CLANG_WARN_OBJC_ROOT_CLASS = YES_ERROR;
				CLANG_WARN_QUOTED_INCLUDE_IN_FRAMEWORK_HEADER = YES;
				CLANG_WARN_RANGE_LOOP_ANALYSIS = YES;
				CLANG_WARN_STRICT_PROTOTYPES = YES;
				CLANG_WARN_SUSPICIOUS_MOVE = YES;
				CLANG_WARN_UNGUARDED_AVAILABILITY = YES_AGGRESSIVE;
				CLANG_WARN_UNREACHABLE_CODE = YES;
				CLANG_WARN__DUPLICATE_METHOD_MATCH = YES;
				COPY_PHASE_STRIP = NO;
				DEBUG_INFORMATION_FORMAT = "dwarf-with-dsym";
				ENABLE_NS_ASSERTIONS = NO;
				ENABLE_STRICT_OBJC_MSGSEND = YES;
				ENABLE_USER_SCRIPT_SANDBOXING = YES;
				GCC_C_LANGUAGE_STANDARD = gnu17;
				GCC_NO_COMMON_BLOCKS = YES;
				GCC_WARN_64_TO_32_BIT_CONVERSION = YES;
				GCC_WARN_ABOUT_RETURN_TYPE = YES_ERROR;
				GCC_WARN_UNDECLARED_SELECTOR = YES;
				GCC_WARN_UNINITIALIZED_AUTOS = YES_AGGRESSIVE;
				GCC_WARN_UNUSED_FUNCTION = YES;
				GCC_WARN_UNUSED_VARIABLE = YES;
				IPHONEOS_DEPLOYMENT_TARGET = 17.0;
				LOCALIZATION_PREFERS_STRING_CATALOGS = YES;
				MTL_ENABLE_DEBUG_INFO = NO;
				MTL_FAST_MATH = YES;
				SDKROOT = iphoneos;
				SWIFT_COMPILATION_MODE = wholemodule;
				VALIDATE_PRODUCT = YES;
			};
			name = Release;
		};
		09DE4A7E2B0D3F81001119E4 /* Debug */ = {
			isa = XCBuildConfiguration;
			buildSettings = {
				ASSETCATALOG_COMPILER_APPICON_NAME = AppIcon;
				ASSETCATALOG_COMPILER_GLOBAL_ACCENT_COLOR_NAME = AccentColor;
				CODE_SIGN_ENTITLEMENTS = ShoeHealth/ShoeHealth.entitlements;
				CODE_SIGN_STYLE = Automatic;
				CURRENT_PROJECT_VERSION = 1;
				DEVELOPMENT_ASSET_PATHS = "\"ShoeHealth/Preview Content\"";
				DEVELOPMENT_TEAM = 878Q47ZQ84;
				ENABLE_PREVIEWS = YES;
				GENERATE_INFOPLIST_FILE = YES;
				INFOPLIST_FILE = ShoeHealth/Info.plist;
				INFOPLIST_KEY_LSApplicationCategoryType = "";
				INFOPLIST_KEY_NSHealthShareUsageDescription = "Shoe Health App needs access to HealthKit to use your running workout data to update your shoe pair lifespan distance.";
				INFOPLIST_KEY_UIApplicationSceneManifest_Generation = YES;
				INFOPLIST_KEY_UIApplicationSupportsIndirectInputEvents = YES;
				INFOPLIST_KEY_UILaunchScreen_Generation = YES;
				INFOPLIST_KEY_UISupportedInterfaceOrientations_iPad = "UIInterfaceOrientationPortrait UIInterfaceOrientationPortraitUpsideDown UIInterfaceOrientationLandscapeLeft UIInterfaceOrientationLandscapeRight";
				INFOPLIST_KEY_UISupportedInterfaceOrientations_iPhone = "UIInterfaceOrientationPortrait UIInterfaceOrientationLandscapeLeft UIInterfaceOrientationLandscapeRight";
				LD_RUNPATH_SEARCH_PATHS = (
					"$(inherited)",
					"@executable_path/Frameworks",
				);
				MARKETING_VERSION = 1.0;
				PRODUCT_BUNDLE_IDENTIFIER = com.robertbasamac.ShoeHealth;
				PRODUCT_NAME = "$(TARGET_NAME)";
				SUPPORTED_PLATFORMS = "iphoneos iphonesimulator";
				SUPPORTS_MACCATALYST = NO;
				SUPPORTS_MAC_DESIGNED_FOR_IPHONE_IPAD = NO;
				SWIFT_EMIT_LOC_STRINGS = YES;
				SWIFT_STRICT_CONCURRENCY = minimal;
				SWIFT_VERSION = 5.0;
				TARGETED_DEVICE_FAMILY = 1;
			};
			name = Debug;
		};
		09DE4A7F2B0D3F81001119E4 /* Release */ = {
			isa = XCBuildConfiguration;
			buildSettings = {
				ASSETCATALOG_COMPILER_APPICON_NAME = AppIcon;
				ASSETCATALOG_COMPILER_GLOBAL_ACCENT_COLOR_NAME = AccentColor;
				CODE_SIGN_ENTITLEMENTS = ShoeHealth/ShoeHealth.entitlements;
				CODE_SIGN_STYLE = Automatic;
				CURRENT_PROJECT_VERSION = 1;
				DEVELOPMENT_ASSET_PATHS = "\"ShoeHealth/Preview Content\"";
				DEVELOPMENT_TEAM = 878Q47ZQ84;
				ENABLE_PREVIEWS = YES;
				GENERATE_INFOPLIST_FILE = YES;
				INFOPLIST_FILE = ShoeHealth/Info.plist;
				INFOPLIST_KEY_LSApplicationCategoryType = "";
				INFOPLIST_KEY_NSHealthShareUsageDescription = "Shoe Health App needs access to HealthKit to use your running workout data to update your shoe pair lifespan distance.";
				INFOPLIST_KEY_UIApplicationSceneManifest_Generation = YES;
				INFOPLIST_KEY_UIApplicationSupportsIndirectInputEvents = YES;
				INFOPLIST_KEY_UILaunchScreen_Generation = YES;
				INFOPLIST_KEY_UISupportedInterfaceOrientations_iPad = "UIInterfaceOrientationPortrait UIInterfaceOrientationPortraitUpsideDown UIInterfaceOrientationLandscapeLeft UIInterfaceOrientationLandscapeRight";
				INFOPLIST_KEY_UISupportedInterfaceOrientations_iPhone = "UIInterfaceOrientationPortrait UIInterfaceOrientationLandscapeLeft UIInterfaceOrientationLandscapeRight";
				LD_RUNPATH_SEARCH_PATHS = (
					"$(inherited)",
					"@executable_path/Frameworks",
				);
				MARKETING_VERSION = 1.0;
				PRODUCT_BUNDLE_IDENTIFIER = com.robertbasamac.ShoeHealth;
				PRODUCT_NAME = "$(TARGET_NAME)";
				SUPPORTED_PLATFORMS = "iphoneos iphonesimulator";
				SUPPORTS_MACCATALYST = NO;
				SUPPORTS_MAC_DESIGNED_FOR_IPHONE_IPAD = NO;
				SWIFT_EMIT_LOC_STRINGS = YES;
				SWIFT_STRICT_CONCURRENCY = minimal;
				SWIFT_VERSION = 5.0;
				TARGETED_DEVICE_FAMILY = 1;
			};
			name = Release;
		};
/* End XCBuildConfiguration section */

/* Begin XCConfigurationList section */
		09DE4A6A2B0D3F7F001119E4 /* Build configuration list for PBXProject "ShoeHealth" */ = {
			isa = XCConfigurationList;
			buildConfigurations = (
				09DE4A7B2B0D3F81001119E4 /* Debug */,
				09DE4A7C2B0D3F81001119E4 /* Release */,
			);
			defaultConfigurationIsVisible = 0;
			defaultConfigurationName = Release;
		};
		09DE4A7D2B0D3F81001119E4 /* Build configuration list for PBXNativeTarget "ShoeHealth" */ = {
			isa = XCConfigurationList;
			buildConfigurations = (
				09DE4A7E2B0D3F81001119E4 /* Debug */,
				09DE4A7F2B0D3F81001119E4 /* Release */,
			);
			defaultConfigurationIsVisible = 0;
			defaultConfigurationName = Release;
		};
/* End XCConfigurationList section */
	};
	rootObject = 09DE4A672B0D3F7F001119E4 /* Project object */;
}
